// !$*UTF8*$!
{
	archiveVersion = 1;
	classes = {
	};
	objectVersion = 56;
	objects = {

/* Begin PBXBuildFile section */
		CE2BB618294C7B0C0036274A /* CustomTextField.swift in Sources */ = {isa = PBXBuildFile; fileRef = CE2BB617294C7B0C0036274A /* CustomTextField.swift */; };
		CE33E76B2951BD200090B17D /* AuthenticationViewModel.swift in Sources */ = {isa = PBXBuildFile; fileRef = CE33E76A2951BD200090B17D /* AuthenticationViewModel.swift */; };
		CE6DA49829485E0200659653 /* FeedCell.swift in Sources */ = {isa = PBXBuildFile; fileRef = CE6DA49729485E0200659653 /* FeedCell.swift */; };
		CE6DA49A2948619E00659653 /* Extensions.swift in Sources */ = {isa = PBXBuildFile; fileRef = CE6DA4992948619E00659653 /* Extensions.swift */; };
		CE6DA49D294861DD00659653 /* JGProgressHUD in Frameworks */ = {isa = PBXBuildFile; productRef = CE6DA49C294861DD00659653 /* JGProgressHUD */; };
		CE8CF0CD2955C74200147390 /* SDWebImage in Frameworks */ = {isa = PBXBuildFile; productRef = CE8CF0CC2955C74200147390 /* SDWebImage */; };
		CE8CF0CF2955C74200147390 /* SDWebImageMapKit in Frameworks */ = {isa = PBXBuildFile; productRef = CE8CF0CE2955C74200147390 /* SDWebImageMapKit */; };
		CE9E7949293DCCCF00AC19C8 /* AppDelegate.swift in Sources */ = {isa = PBXBuildFile; fileRef = CE9E7948293DCCCF00AC19C8 /* AppDelegate.swift */; };
		CE9E794B293DCCCF00AC19C8 /* SceneDelegate.swift in Sources */ = {isa = PBXBuildFile; fileRef = CE9E794A293DCCCF00AC19C8 /* SceneDelegate.swift */; };
		CE9E794D293DCCCF00AC19C8 /* ViewController.swift in Sources */ = {isa = PBXBuildFile; fileRef = CE9E794C293DCCCF00AC19C8 /* ViewController.swift */; };
		CE9E7950293DCCCF00AC19C8 /* Main.storyboard in Resources */ = {isa = PBXBuildFile; fileRef = CE9E794E293DCCCF00AC19C8 /* Main.storyboard */; };
		CE9E7952293DCCD100AC19C8 /* Assets.xcassets in Resources */ = {isa = PBXBuildFile; fileRef = CE9E7951293DCCD100AC19C8 /* Assets.xcassets */; };
		CE9E7955293DCCD100AC19C8 /* LaunchScreen.storyboard in Resources */ = {isa = PBXBuildFile; fileRef = CE9E7953293DCCD100AC19C8 /* LaunchScreen.storyboard */; };
		CE9E7963293DE4BB00AC19C8 /* MainController.swift in Sources */ = {isa = PBXBuildFile; fileRef = CE9E7962293DE4BB00AC19C8 /* MainController.swift */; };
		CE9E7965293DEBE100AC19C8 /* FeedController.swift in Sources */ = {isa = PBXBuildFile; fileRef = CE9E7964293DEBE100AC19C8 /* FeedController.swift */; };
		CE9E7967293DEC0100AC19C8 /* SearchController.swift in Sources */ = {isa = PBXBuildFile; fileRef = CE9E7966293DEC0100AC19C8 /* SearchController.swift */; };
		CE9E7969293DEC1600AC19C8 /* ImageSelectorController.swift in Sources */ = {isa = PBXBuildFile; fileRef = CE9E7968293DEC1600AC19C8 /* ImageSelectorController.swift */; };
		CE9E796B293DEC2800AC19C8 /* NotificationController.swift in Sources */ = {isa = PBXBuildFile; fileRef = CE9E796A293DEC2800AC19C8 /* NotificationController.swift */; };
		CE9E796D293DEC4700AC19C8 /* ProfileController.swift in Sources */ = {isa = PBXBuildFile; fileRef = CE9E796C293DEC4700AC19C8 /* ProfileController.swift */; };
		CEA9B9092949B824007A5834 /* LoginController.swift in Sources */ = {isa = PBXBuildFile; fileRef = CEA9B9082949B824007A5834 /* LoginController.swift */; };
		CEA9B90B2949B832007A5834 /* RegistrationController.swift in Sources */ = {isa = PBXBuildFile; fileRef = CEA9B90A2949B832007A5834 /* RegistrationController.swift */; };
		CEBECA7D2954584E002A12FC /* ProfileCell.swift in Sources */ = {isa = PBXBuildFile; fileRef = CEBECA7C2954584E002A12FC /* ProfileCell.swift */; };
		CEBECA7F2954585F002A12FC /* ProfileHeader.swift in Sources */ = {isa = PBXBuildFile; fileRef = CEBECA7E2954585E002A12FC /* ProfileHeader.swift */; };
		CEEA008F2952F9860061C77C /* GoogleService-Info.plist in Resources */ = {isa = PBXBuildFile; fileRef = CEEA008E2952F9860061C77C /* GoogleService-Info.plist */; };
		CEEA00922952FA730061C77C /* FirebaseAnalytics in Frameworks */ = {isa = PBXBuildFile; productRef = CEEA00912952FA730061C77C /* FirebaseAnalytics */; };
		CEEA00942952FA730061C77C /* FirebaseAnalyticsOnDeviceConversion in Frameworks */ = {isa = PBXBuildFile; productRef = CEEA00932952FA730061C77C /* FirebaseAnalyticsOnDeviceConversion */; };
		CEEA00962952FA730061C77C /* FirebaseAnalyticsSwift in Frameworks */ = {isa = PBXBuildFile; productRef = CEEA00952952FA730061C77C /* FirebaseAnalyticsSwift */; };
		CEEA00982952FA730061C77C /* FirebaseAnalyticsWithoutAdIdSupport in Frameworks */ = {isa = PBXBuildFile; productRef = CEEA00972952FA730061C77C /* FirebaseAnalyticsWithoutAdIdSupport */; };
		CEEA009A2952FA730061C77C /* FirebaseAppCheck in Frameworks */ = {isa = PBXBuildFile; productRef = CEEA00992952FA730061C77C /* FirebaseAppCheck */; };
		CEEA009C2952FA730061C77C /* FirebaseAppDistribution-Beta in Frameworks */ = {isa = PBXBuildFile; productRef = CEEA009B2952FA730061C77C /* FirebaseAppDistribution-Beta */; };
		CEEA009E2952FA730061C77C /* FirebaseAuth in Frameworks */ = {isa = PBXBuildFile; productRef = CEEA009D2952FA730061C77C /* FirebaseAuth */; };
		CEEA00A02952FA730061C77C /* FirebaseAuthCombine-Community in Frameworks */ = {isa = PBXBuildFile; productRef = CEEA009F2952FA730061C77C /* FirebaseAuthCombine-Community */; };
		CEEA00A22952FA730061C77C /* FirebaseCrashlytics in Frameworks */ = {isa = PBXBuildFile; productRef = CEEA00A12952FA730061C77C /* FirebaseCrashlytics */; };
		CEEA00A42952FA730061C77C /* FirebaseDatabase in Frameworks */ = {isa = PBXBuildFile; productRef = CEEA00A32952FA730061C77C /* FirebaseDatabase */; };
		CEEA00A62952FA730061C77C /* FirebaseDatabaseSwift in Frameworks */ = {isa = PBXBuildFile; productRef = CEEA00A52952FA730061C77C /* FirebaseDatabaseSwift */; };
		CEEA00A82952FA730061C77C /* FirebaseDynamicLinks in Frameworks */ = {isa = PBXBuildFile; productRef = CEEA00A72952FA730061C77C /* FirebaseDynamicLinks */; };
		CEEA00AA2952FA730061C77C /* FirebaseFirestore in Frameworks */ = {isa = PBXBuildFile; productRef = CEEA00A92952FA730061C77C /* FirebaseFirestore */; };
		CEEA00AC2952FA730061C77C /* FirebaseFirestoreCombine-Community in Frameworks */ = {isa = PBXBuildFile; productRef = CEEA00AB2952FA730061C77C /* FirebaseFirestoreCombine-Community */; };
		CEEA00AE2952FA730061C77C /* FirebaseFirestoreSwift in Frameworks */ = {isa = PBXBuildFile; productRef = CEEA00AD2952FA730061C77C /* FirebaseFirestoreSwift */; };
		CEEA00B02952FA730061C77C /* FirebaseFunctions in Frameworks */ = {isa = PBXBuildFile; productRef = CEEA00AF2952FA730061C77C /* FirebaseFunctions */; };
		CEEA00B22952FA730061C77C /* FirebaseFunctionsCombine-Community in Frameworks */ = {isa = PBXBuildFile; productRef = CEEA00B12952FA730061C77C /* FirebaseFunctionsCombine-Community */; };
		CEEA00B42952FA730061C77C /* FirebaseInAppMessaging-Beta in Frameworks */ = {isa = PBXBuildFile; productRef = CEEA00B32952FA730061C77C /* FirebaseInAppMessaging-Beta */; };
		CEEA00B62952FA730061C77C /* FirebaseInAppMessagingSwift-Beta in Frameworks */ = {isa = PBXBuildFile; productRef = CEEA00B52952FA730061C77C /* FirebaseInAppMessagingSwift-Beta */; };
		CEEA00B82952FA730061C77C /* FirebaseInstallations in Frameworks */ = {isa = PBXBuildFile; productRef = CEEA00B72952FA730061C77C /* FirebaseInstallations */; };
		CEEA00BA2952FA730061C77C /* FirebaseMLModelDownloader in Frameworks */ = {isa = PBXBuildFile; productRef = CEEA00B92952FA730061C77C /* FirebaseMLModelDownloader */; };
		CEEA00BC2952FA730061C77C /* FirebaseMessaging in Frameworks */ = {isa = PBXBuildFile; productRef = CEEA00BB2952FA730061C77C /* FirebaseMessaging */; };
		CEEA00BE2952FA730061C77C /* FirebasePerformance in Frameworks */ = {isa = PBXBuildFile; productRef = CEEA00BD2952FA730061C77C /* FirebasePerformance */; };
		CEEA00C02952FA730061C77C /* FirebaseRemoteConfig in Frameworks */ = {isa = PBXBuildFile; productRef = CEEA00BF2952FA730061C77C /* FirebaseRemoteConfig */; };
		CEEA00C22952FA730061C77C /* FirebaseRemoteConfigSwift in Frameworks */ = {isa = PBXBuildFile; productRef = CEEA00C12952FA730061C77C /* FirebaseRemoteConfigSwift */; };
		CEEA00C42952FA730061C77C /* FirebaseStorage in Frameworks */ = {isa = PBXBuildFile; productRef = CEEA00C32952FA730061C77C /* FirebaseStorage */; };
		CEEA00C62952FA730061C77C /* FirebaseStorageCombine-Community in Frameworks */ = {isa = PBXBuildFile; productRef = CEEA00C52952FA730061C77C /* FirebaseStorageCombine-Community */; };
		CEEA00C8295312550061C77C /* ImageUploader.swift in Sources */ = {isa = PBXBuildFile; fileRef = CEEA00C7295312550061C77C /* ImageUploader.swift */; };
		CEEA00CA295312660061C77C /* AuthService.swift in Sources */ = {isa = PBXBuildFile; fileRef = CEEA00C9295312660061C77C /* AuthService.swift */; };
/* End PBXBuildFile section */

/* Begin PBXFileReference section */
		CE2BB617294C7B0C0036274A /* CustomTextField.swift */ = {isa = PBXFileReference; lastKnownFileType = sourcecode.swift; path = CustomTextField.swift; sourceTree = "<group>"; };
		CE33E76A2951BD200090B17D /* AuthenticationViewModel.swift */ = {isa = PBXFileReference; lastKnownFileType = sourcecode.swift; path = AuthenticationViewModel.swift; sourceTree = "<group>"; };
		CE6DA49729485E0200659653 /* FeedCell.swift */ = {isa = PBXFileReference; lastKnownFileType = sourcecode.swift; path = FeedCell.swift; sourceTree = "<group>"; };
		CE6DA4992948619E00659653 /* Extensions.swift */ = {isa = PBXFileReference; lastKnownFileType = sourcecode.swift; path = Extensions.swift; sourceTree = "<group>"; };
		CE9E7945293DCCCF00AC19C8 /* Instagramclone.app */ = {isa = PBXFileReference; explicitFileType = wrapper.application; includeInIndex = 0; path = Instagramclone.app; sourceTree = BUILT_PRODUCTS_DIR; };
		CE9E7948293DCCCF00AC19C8 /* AppDelegate.swift */ = {isa = PBXFileReference; lastKnownFileType = sourcecode.swift; path = AppDelegate.swift; sourceTree = "<group>"; };
		CE9E794A293DCCCF00AC19C8 /* SceneDelegate.swift */ = {isa = PBXFileReference; lastKnownFileType = sourcecode.swift; path = SceneDelegate.swift; sourceTree = "<group>"; };
		CE9E794C293DCCCF00AC19C8 /* ViewController.swift */ = {isa = PBXFileReference; lastKnownFileType = sourcecode.swift; path = ViewController.swift; sourceTree = "<group>"; };
		CE9E794F293DCCCF00AC19C8 /* Base */ = {isa = PBXFileReference; lastKnownFileType = file.storyboard; name = Base; path = Base.lproj/Main.storyboard; sourceTree = "<group>"; };
		CE9E7951293DCCD100AC19C8 /* Assets.xcassets */ = {isa = PBXFileReference; lastKnownFileType = folder.assetcatalog; path = Assets.xcassets; sourceTree = "<group>"; };
		CE9E7954293DCCD100AC19C8 /* Base */ = {isa = PBXFileReference; lastKnownFileType = file.storyboard; name = Base; path = Base.lproj/LaunchScreen.storyboard; sourceTree = "<group>"; };
		CE9E7956293DCCD100AC19C8 /* Info.plist */ = {isa = PBXFileReference; lastKnownFileType = text.plist.xml; path = Info.plist; sourceTree = "<group>"; };
		CE9E7962293DE4BB00AC19C8 /* MainController.swift */ = {isa = PBXFileReference; lastKnownFileType = sourcecode.swift; path = MainController.swift; sourceTree = "<group>"; };
		CE9E7964293DEBE100AC19C8 /* FeedController.swift */ = {isa = PBXFileReference; lastKnownFileType = sourcecode.swift; path = FeedController.swift; sourceTree = "<group>"; };
		CE9E7966293DEC0100AC19C8 /* SearchController.swift */ = {isa = PBXFileReference; lastKnownFileType = sourcecode.swift; path = SearchController.swift; sourceTree = "<group>"; };
		CE9E7968293DEC1600AC19C8 /* ImageSelectorController.swift */ = {isa = PBXFileReference; lastKnownFileType = sourcecode.swift; path = ImageSelectorController.swift; sourceTree = "<group>"; };
		CE9E796A293DEC2800AC19C8 /* NotificationController.swift */ = {isa = PBXFileReference; lastKnownFileType = sourcecode.swift; path = NotificationController.swift; sourceTree = "<group>"; };
		CE9E796C293DEC4700AC19C8 /* ProfileController.swift */ = {isa = PBXFileReference; lastKnownFileType = sourcecode.swift; path = ProfileController.swift; sourceTree = "<group>"; };
		CEA9B9082949B824007A5834 /* LoginController.swift */ = {isa = PBXFileReference; lastKnownFileType = sourcecode.swift; path = LoginController.swift; sourceTree = "<group>"; };
		CEA9B90A2949B832007A5834 /* RegistrationController.swift */ = {isa = PBXFileReference; lastKnownFileType = sourcecode.swift; path = RegistrationController.swift; sourceTree = "<group>"; };
		CEBECA7C2954584E002A12FC /* ProfileCell.swift */ = {isa = PBXFileReference; lastKnownFileType = sourcecode.swift; path = ProfileCell.swift; sourceTree = "<group>"; };
		CEBECA7E2954585E002A12FC /* ProfileHeader.swift */ = {isa = PBXFileReference; lastKnownFileType = sourcecode.swift; path = ProfileHeader.swift; sourceTree = "<group>"; };
		CEEA008E2952F9860061C77C /* GoogleService-Info.plist */ = {isa = PBXFileReference; fileEncoding = 4; lastKnownFileType = text.plist.xml; path = "GoogleService-Info.plist"; sourceTree = "<group>"; };
		CEEA00C7295312550061C77C /* ImageUploader.swift */ = {isa = PBXFileReference; lastKnownFileType = sourcecode.swift; path = ImageUploader.swift; sourceTree = "<group>"; };
		CEEA00C9295312660061C77C /* AuthService.swift */ = {isa = PBXFileReference; lastKnownFileType = sourcecode.swift; path = AuthService.swift; sourceTree = "<group>"; };
/* End PBXFileReference section */

/* Begin PBXFrameworksBuildPhase section */
		CE9E7942293DCCCF00AC19C8 /* Frameworks */ = {
			isa = PBXFrameworksBuildPhase;
			buildActionMask = 2147483647;
			files = (
				CEEA00B02952FA730061C77C /* FirebaseFunctions in Frameworks */,
				CEEA00A62952FA730061C77C /* FirebaseDatabaseSwift in Frameworks */,
				CEEA00B62952FA730061C77C /* FirebaseInAppMessagingSwift-Beta in Frameworks */,
				CEEA00BC2952FA730061C77C /* FirebaseMessaging in Frameworks */,
				CEEA009C2952FA730061C77C /* FirebaseAppDistribution-Beta in Frameworks */,
				CEEA00A02952FA730061C77C /* FirebaseAuthCombine-Community in Frameworks */,
				CEEA00AC2952FA730061C77C /* FirebaseFirestoreCombine-Community in Frameworks */,
				CE8CF0CD2955C74200147390 /* SDWebImage in Frameworks */,
				CEEA00962952FA730061C77C /* FirebaseAnalyticsSwift in Frameworks */,
				CEEA00BA2952FA730061C77C /* FirebaseMLModelDownloader in Frameworks */,
				CEEA00982952FA730061C77C /* FirebaseAnalyticsWithoutAdIdSupport in Frameworks */,
				CEEA00922952FA730061C77C /* FirebaseAnalytics in Frameworks */,
				CEEA00AE2952FA730061C77C /* FirebaseFirestoreSwift in Frameworks */,
				CEEA00942952FA730061C77C /* FirebaseAnalyticsOnDeviceConversion in Frameworks */,
				CEEA009A2952FA730061C77C /* FirebaseAppCheck in Frameworks */,
				CEEA00BE2952FA730061C77C /* FirebasePerformance in Frameworks */,
				CE8CF0CF2955C74200147390 /* SDWebImageMapKit in Frameworks */,
				CEEA00B42952FA730061C77C /* FirebaseInAppMessaging-Beta in Frameworks */,
				CEEA00B22952FA730061C77C /* FirebaseFunctionsCombine-Community in Frameworks */,
				CEEA00A22952FA730061C77C /* FirebaseCrashlytics in Frameworks */,
				CEEA00B82952FA730061C77C /* FirebaseInstallations in Frameworks */,
				CEEA00C02952FA730061C77C /* FirebaseRemoteConfig in Frameworks */,
				CEEA00C42952FA730061C77C /* FirebaseStorage in Frameworks */,
				CEEA00A42952FA730061C77C /* FirebaseDatabase in Frameworks */,
				CEEA00C62952FA730061C77C /* FirebaseStorageCombine-Community in Frameworks */,
				CE6DA49D294861DD00659653 /* JGProgressHUD in Frameworks */,
				CEEA009E2952FA730061C77C /* FirebaseAuth in Frameworks */,
				CEEA00A82952FA730061C77C /* FirebaseDynamicLinks in Frameworks */,
				CEEA00AA2952FA730061C77C /* FirebaseFirestore in Frameworks */,
				CEEA00C22952FA730061C77C /* FirebaseRemoteConfigSwift in Frameworks */,
			);
			runOnlyForDeploymentPostprocessing = 0;
		};
/* End PBXFrameworksBuildPhase section */

/* Begin PBXGroup section */
		CE9E793C293DCCCF00AC19C8 = {
			isa = PBXGroup;
			children = (
				CE9E7947293DCCCF00AC19C8 /* Instagramclone */,
				CE9E7946293DCCCF00AC19C8 /* Products */,
			);
			sourceTree = "<group>";
		};
		CE9E7946293DCCCF00AC19C8 /* Products */ = {
			isa = PBXGroup;
			children = (
				CE9E7945293DCCCF00AC19C8 /* Instagramclone.app */,
			);
			name = Products;
			sourceTree = "<group>";
		};
		CE9E7947293DCCCF00AC19C8 /* Instagramclone */ = {
			isa = PBXGroup;
			children = (
				CE9E7961293DE40400AC19C8 /* Model */,
				CE9E7960293DE40000AC19C8 /* View */,
				CE9E795F293DE3FE00AC19C8 /* ViewModel */,
				CE9E795E293DE3FB00AC19C8 /* Controller */,
				CE9E795D293DE3F800AC19C8 /* API */,
				CE9E795C293DE3F500AC19C8 /* Utils */,
				CE9E7948293DCCCF00AC19C8 /* AppDelegate.swift */,
				CE9E794A293DCCCF00AC19C8 /* SceneDelegate.swift */,
				CE9E794C293DCCCF00AC19C8 /* ViewController.swift */,
				CE9E794E293DCCCF00AC19C8 /* Main.storyboard */,
				CE9E7951293DCCD100AC19C8 /* Assets.xcassets */,
				CE9E7953293DCCD100AC19C8 /* LaunchScreen.storyboard */,
				CE9E7956293DCCD100AC19C8 /* Info.plist */,
				CEEA008E2952F9860061C77C /* GoogleService-Info.plist */,
			);
			path = Instagramclone;
			sourceTree = "<group>";
		};
		CE9E795C293DE3F500AC19C8 /* Utils */ = {
			isa = PBXGroup;
			children = (
				CE6DA4992948619E00659653 /* Extensions.swift */,
			);
			path = Utils;
			sourceTree = "<group>";
		};
		CE9E795D293DE3F800AC19C8 /* API */ = {
			isa = PBXGroup;
			children = (
				CEEA00C7295312550061C77C /* ImageUploader.swift */,
				CEEA00C9295312660061C77C /* AuthService.swift */,
			);
			path = API;
			sourceTree = "<group>";
		};
		CE9E795E293DE3FB00AC19C8 /* Controller */ = {
			isa = PBXGroup;
			children = (
				CEA9B9072949B807007A5834 /* Authentication */,
				CE9E7962293DE4BB00AC19C8 /* MainController.swift */,
				CE9E7964293DEBE100AC19C8 /* FeedController.swift */,
				CE9E7966293DEC0100AC19C8 /* SearchController.swift */,
				CE9E7968293DEC1600AC19C8 /* ImageSelectorController.swift */,
				CE9E796A293DEC2800AC19C8 /* NotificationController.swift */,
				CE9E796C293DEC4700AC19C8 /* ProfileController.swift */,
			);
			path = Controller;
			sourceTree = "<group>";
		};
		CE9E795F293DE3FE00AC19C8 /* ViewModel */ = {
			isa = PBXGroup;
			children = (
				CE33E76A2951BD200090B17D /* AuthenticationViewModel.swift */,
			);
			path = ViewModel;
			sourceTree = "<group>";
		};
		CE9E7960293DE40000AC19C8 /* View */ = {
			isa = PBXGroup;
			children = (
				CEBECA7B2954583C002A12FC /* Profile */,
				CE6DA49729485E0200659653 /* FeedCell.swift */,
				CE2BB617294C7B0C0036274A /* CustomTextField.swift */,
			);
			path = View;
			sourceTree = "<group>";
		};
		CE9E7961293DE40400AC19C8 /* Model */ = {
			isa = PBXGroup;
			children = (
			);
			path = Model;
			sourceTree = "<group>";
		};
		CEA9B9072949B807007A5834 /* Authentication */ = {
			isa = PBXGroup;
			children = (
				CEA9B9082949B824007A5834 /* LoginController.swift */,
				CEA9B90A2949B832007A5834 /* RegistrationController.swift */,
			);
			path = Authentication;
			sourceTree = "<group>";
		};
		CEBECA7B2954583C002A12FC /* Profile */ = {
			isa = PBXGroup;
			children = (
				CEBECA7C2954584E002A12FC /* ProfileCell.swift */,
				CEBECA7E2954585E002A12FC /* ProfileHeader.swift */,
			);
			path = Profile;
			sourceTree = "<group>";
		};
/* End PBXGroup section */

/* Begin PBXNativeTarget section */
		CE9E7944293DCCCF00AC19C8 /* Instagramclone */ = {
			isa = PBXNativeTarget;
			buildConfigurationList = CE9E7959293DCCD100AC19C8 /* Build configuration list for PBXNativeTarget "Instagramclone" */;
			buildPhases = (
				CE9E7941293DCCCF00AC19C8 /* Sources */,
				CE9E7942293DCCCF00AC19C8 /* Frameworks */,
				CE9E7943293DCCCF00AC19C8 /* Resources */,
			);
			buildRules = (
			);
			dependencies = (
			);
			name = Instagramclone;
			packageProductDependencies = (
				CE6DA49C294861DD00659653 /* JGProgressHUD */,
				CEEA00912952FA730061C77C /* FirebaseAnalytics */,
				CEEA00932952FA730061C77C /* FirebaseAnalyticsOnDeviceConversion */,
				CEEA00952952FA730061C77C /* FirebaseAnalyticsSwift */,
				CEEA00972952FA730061C77C /* FirebaseAnalyticsWithoutAdIdSupport */,
				CEEA00992952FA730061C77C /* FirebaseAppCheck */,
				CEEA009B2952FA730061C77C /* FirebaseAppDistribution-Beta */,
				CEEA009D2952FA730061C77C /* FirebaseAuth */,
				CEEA009F2952FA730061C77C /* FirebaseAuthCombine-Community */,
				CEEA00A12952FA730061C77C /* FirebaseCrashlytics */,
				CEEA00A32952FA730061C77C /* FirebaseDatabase */,
				CEEA00A52952FA730061C77C /* FirebaseDatabaseSwift */,
				CEEA00A72952FA730061C77C /* FirebaseDynamicLinks */,
				CEEA00A92952FA730061C77C /* FirebaseFirestore */,
				CEEA00AB2952FA730061C77C /* FirebaseFirestoreCombine-Community */,
				CEEA00AD2952FA730061C77C /* FirebaseFirestoreSwift */,
				CEEA00AF2952FA730061C77C /* FirebaseFunctions */,
				CEEA00B12952FA730061C77C /* FirebaseFunctionsCombine-Community */,
				CEEA00B32952FA730061C77C /* FirebaseInAppMessaging-Beta */,
				CEEA00B52952FA730061C77C /* FirebaseInAppMessagingSwift-Beta */,
				CEEA00B72952FA730061C77C /* FirebaseInstallations */,
				CEEA00B92952FA730061C77C /* FirebaseMLModelDownloader */,
				CEEA00BB2952FA730061C77C /* FirebaseMessaging */,
				CEEA00BD2952FA730061C77C /* FirebasePerformance */,
				CEEA00BF2952FA730061C77C /* FirebaseRemoteConfig */,
				CEEA00C12952FA730061C77C /* FirebaseRemoteConfigSwift */,
				CEEA00C32952FA730061C77C /* FirebaseStorage */,
				CEEA00C52952FA730061C77C /* FirebaseStorageCombine-Community */,
				CE8CF0CC2955C74200147390 /* SDWebImage */,
				CE8CF0CE2955C74200147390 /* SDWebImageMapKit */,
			);
			productName = Instagramclone;
			productReference = CE9E7945293DCCCF00AC19C8 /* Instagramclone.app */;
			productType = "com.apple.product-type.application";
		};
/* End PBXNativeTarget section */

/* Begin PBXProject section */
		CE9E793D293DCCCF00AC19C8 /* Project object */ = {
			isa = PBXProject;
			attributes = {
				BuildIndependentTargetsInParallel = 1;
				LastSwiftUpdateCheck = 1410;
				LastUpgradeCheck = 1410;
				TargetAttributes = {
					CE9E7944293DCCCF00AC19C8 = {
						CreatedOnToolsVersion = 14.1;
					};
				};
			};
			buildConfigurationList = CE9E7940293DCCCF00AC19C8 /* Build configuration list for PBXProject "Instagramclone" */;
			compatibilityVersion = "Xcode 14.0";
			developmentRegion = en;
			hasScannedForEncodings = 0;
			knownRegions = (
				en,
				Base,
			);
			mainGroup = CE9E793C293DCCCF00AC19C8;
			packageReferences = (
				CE6DA49B294861DD00659653 /* XCRemoteSwiftPackageReference "JGProgressHUD" */,
				CEEA00902952FA730061C77C /* XCRemoteSwiftPackageReference "firebase-ios-sdk" */,
				CE8CF0CB2955C74200147390 /* XCRemoteSwiftPackageReference "SDWebImage" */,
			);
			productRefGroup = CE9E7946293DCCCF00AC19C8 /* Products */;
			projectDirPath = "";
			projectRoot = "";
			targets = (
				CE9E7944293DCCCF00AC19C8 /* Instagramclone */,
			);
		};
/* End PBXProject section */

/* Begin PBXResourcesBuildPhase section */
		CE9E7943293DCCCF00AC19C8 /* Resources */ = {
			isa = PBXResourcesBuildPhase;
			buildActionMask = 2147483647;
			files = (
				CE9E7955293DCCD100AC19C8 /* LaunchScreen.storyboard in Resources */,
				CE9E7952293DCCD100AC19C8 /* Assets.xcassets in Resources */,
				CE9E7950293DCCCF00AC19C8 /* Main.storyboard in Resources */,
				CEEA008F2952F9860061C77C /* GoogleService-Info.plist in Resources */,
			);
			runOnlyForDeploymentPostprocessing = 0;
		};
/* End PBXResourcesBuildPhase section */

/* Begin PBXSourcesBuildPhase section */
		CE9E7941293DCCCF00AC19C8 /* Sources */ = {
			isa = PBXSourcesBuildPhase;
			buildActionMask = 2147483647;
			files = (
				CE2BB618294C7B0C0036274A /* CustomTextField.swift in Sources */,
				CEBECA7F2954585F002A12FC /* ProfileHeader.swift in Sources */,
				CE9E7963293DE4BB00AC19C8 /* MainController.swift in Sources */,
				CEA9B9092949B824007A5834 /* LoginController.swift in Sources */,
				CE6DA49829485E0200659653 /* FeedCell.swift in Sources */,
				CE9E7969293DEC1600AC19C8 /* ImageSelectorController.swift in Sources */,
				CE9E796B293DEC2800AC19C8 /* NotificationController.swift in Sources */,
				CE33E76B2951BD200090B17D /* AuthenticationViewModel.swift in Sources */,
				CE9E7967293DEC0100AC19C8 /* SearchController.swift in Sources */,
				CE9E794D293DCCCF00AC19C8 /* ViewController.swift in Sources */,
				CE9E796D293DEC4700AC19C8 /* ProfileController.swift in Sources */,
				CE9E7965293DEBE100AC19C8 /* FeedController.swift in Sources */,
				CE9E7949293DCCCF00AC19C8 /* AppDelegate.swift in Sources */,
				CE6DA49A2948619E00659653 /* Extensions.swift in Sources */,
				CEBECA7D2954584E002A12FC /* ProfileCell.swift in Sources */,
				CEEA00C8295312550061C77C /* ImageUploader.swift in Sources */,
				CEEA00CA295312660061C77C /* AuthService.swift in Sources */,
				CE9E794B293DCCCF00AC19C8 /* SceneDelegate.swift in Sources */,
				CEA9B90B2949B832007A5834 /* RegistrationController.swift in Sources */,
			);
			runOnlyForDeploymentPostprocessing = 0;
		};
/* End PBXSourcesBuildPhase section */

/* Begin PBXVariantGroup section */
		CE9E794E293DCCCF00AC19C8 /* Main.storyboard */ = {
			isa = PBXVariantGroup;
			children = (
				CE9E794F293DCCCF00AC19C8 /* Base */,
			);
			name = Main.storyboard;
			sourceTree = "<group>";
		};
		CE9E7953293DCCD100AC19C8 /* LaunchScreen.storyboard */ = {
			isa = PBXVariantGroup;
			children = (
				CE9E7954293DCCD100AC19C8 /* Base */,
			);
			name = LaunchScreen.storyboard;
			sourceTree = "<group>";
		};
/* End PBXVariantGroup section */

/* Begin XCBuildConfiguration section */
		CE9E7957293DCCD100AC19C8 /* Debug */ = {
			isa = XCBuildConfiguration;
			buildSettings = {
				ALWAYS_SEARCH_USER_PATHS = NO;
				CLANG_ANALYZER_NONNULL = YES;
				CLANG_ANALYZER_NUMBER_OBJECT_CONVERSION = YES_AGGRESSIVE;
				CLANG_CXX_LANGUAGE_STANDARD = "gnu++20";
				CLANG_ENABLE_MODULES = YES;
				CLANG_ENABLE_OBJC_ARC = YES;
				CLANG_ENABLE_OBJC_WEAK = YES;
				CLANG_WARN_BLOCK_CAPTURE_AUTORELEASING = YES;
				CLANG_WARN_BOOL_CONVERSION = YES;
				CLANG_WARN_COMMA = YES;
				CLANG_WARN_CONSTANT_CONVERSION = YES;
				CLANG_WARN_DEPRECATED_OBJC_IMPLEMENTATIONS = YES;
				CLANG_WARN_DIRECT_OBJC_ISA_USAGE = YES_ERROR;
				CLANG_WARN_DOCUMENTATION_COMMENTS = YES;
				CLANG_WARN_EMPTY_BODY = YES;
				CLANG_WARN_ENUM_CONVERSION = YES;
				CLANG_WARN_INFINITE_RECURSION = YES;
				CLANG_WARN_INT_CONVERSION = YES;
				CLANG_WARN_NON_LITERAL_NULL_CONVERSION = YES;
				CLANG_WARN_OBJC_IMPLICIT_RETAIN_SELF = YES;
				CLANG_WARN_OBJC_LITERAL_CONVERSION = YES;
				CLANG_WARN_OBJC_ROOT_CLASS = YES_ERROR;
				CLANG_WARN_QUOTED_INCLUDE_IN_FRAMEWORK_HEADER = YES;
				CLANG_WARN_RANGE_LOOP_ANALYSIS = YES;
				CLANG_WARN_STRICT_PROTOTYPES = YES;
				CLANG_WARN_SUSPICIOUS_MOVE = YES;
				CLANG_WARN_UNGUARDED_AVAILABILITY = YES_AGGRESSIVE;
				CLANG_WARN_UNREACHABLE_CODE = YES;
				CLANG_WARN__DUPLICATE_METHOD_MATCH = YES;
				COPY_PHASE_STRIP = NO;
				DEBUG_INFORMATION_FORMAT = dwarf;
				ENABLE_STRICT_OBJC_MSGSEND = YES;
				ENABLE_TESTABILITY = YES;
				GCC_C_LANGUAGE_STANDARD = gnu11;
				GCC_DYNAMIC_NO_PIC = NO;
				GCC_NO_COMMON_BLOCKS = YES;
				GCC_OPTIMIZATION_LEVEL = 0;
				GCC_PREPROCESSOR_DEFINITIONS = (
					"DEBUG=1",
					"$(inherited)",
				);
				GCC_WARN_64_TO_32_BIT_CONVERSION = YES;
				GCC_WARN_ABOUT_RETURN_TYPE = YES_ERROR;
				GCC_WARN_UNDECLARED_SELECTOR = YES;
				GCC_WARN_UNINITIALIZED_AUTOS = YES_AGGRESSIVE;
				GCC_WARN_UNUSED_FUNCTION = YES;
				GCC_WARN_UNUSED_VARIABLE = YES;
				IPHONEOS_DEPLOYMENT_TARGET = 16.1;
				MTL_ENABLE_DEBUG_INFO = INCLUDE_SOURCE;
				MTL_FAST_MATH = YES;
				ONLY_ACTIVE_ARCH = YES;
				SDKROOT = iphoneos;
				SWIFT_ACTIVE_COMPILATION_CONDITIONS = DEBUG;
				SWIFT_OPTIMIZATION_LEVEL = "-Onone";
			};
			name = Debug;
		};
		CE9E7958293DCCD100AC19C8 /* Release */ = {
			isa = XCBuildConfiguration;
			buildSettings = {
				ALWAYS_SEARCH_USER_PATHS = NO;
				CLANG_ANALYZER_NONNULL = YES;
				CLANG_ANALYZER_NUMBER_OBJECT_CONVERSION = YES_AGGRESSIVE;
				CLANG_CXX_LANGUAGE_STANDARD = "gnu++20";
				CLANG_ENABLE_MODULES = YES;
				CLANG_ENABLE_OBJC_ARC = YES;
				CLANG_ENABLE_OBJC_WEAK = YES;
				CLANG_WARN_BLOCK_CAPTURE_AUTORELEASING = YES;
				CLANG_WARN_BOOL_CONVERSION = YES;
				CLANG_WARN_COMMA = YES;
				CLANG_WARN_CONSTANT_CONVERSION = YES;
				CLANG_WARN_DEPRECATED_OBJC_IMPLEMENTATIONS = YES;
				CLANG_WARN_DIRECT_OBJC_ISA_USAGE = YES_ERROR;
				CLANG_WARN_DOCUMENTATION_COMMENTS = YES;
				CLANG_WARN_EMPTY_BODY = YES;
				CLANG_WARN_ENUM_CONVERSION = YES;
				CLANG_WARN_INFINITE_RECURSION = YES;
				CLANG_WARN_INT_CONVERSION = YES;
				CLANG_WARN_NON_LITERAL_NULL_CONVERSION = YES;
				CLANG_WARN_OBJC_IMPLICIT_RETAIN_SELF = YES;
				CLANG_WARN_OBJC_LITERAL_CONVERSION = YES;
				CLANG_WARN_OBJC_ROOT_CLASS = YES_ERROR;
				CLANG_WARN_QUOTED_INCLUDE_IN_FRAMEWORK_HEADER = YES;
				CLANG_WARN_RANGE_LOOP_ANALYSIS = YES;
				CLANG_WARN_STRICT_PROTOTYPES = YES;
				CLANG_WARN_SUSPICIOUS_MOVE = YES;
				CLANG_WARN_UNGUARDED_AVAILABILITY = YES_AGGRESSIVE;
				CLANG_WARN_UNREACHABLE_CODE = YES;
				CLANG_WARN__DUPLICATE_METHOD_MATCH = YES;
				COPY_PHASE_STRIP = NO;
				DEBUG_INFORMATION_FORMAT = "dwarf-with-dsym";
				ENABLE_NS_ASSERTIONS = NO;
				ENABLE_STRICT_OBJC_MSGSEND = YES;
				GCC_C_LANGUAGE_STANDARD = gnu11;
				GCC_NO_COMMON_BLOCKS = YES;
				GCC_WARN_64_TO_32_BIT_CONVERSION = YES;
				GCC_WARN_ABOUT_RETURN_TYPE = YES_ERROR;
				GCC_WARN_UNDECLARED_SELECTOR = YES;
				GCC_WARN_UNINITIALIZED_AUTOS = YES_AGGRESSIVE;
				GCC_WARN_UNUSED_FUNCTION = YES;
				GCC_WARN_UNUSED_VARIABLE = YES;
				IPHONEOS_DEPLOYMENT_TARGET = 16.1;
				MTL_ENABLE_DEBUG_INFO = NO;
				MTL_FAST_MATH = YES;
				SDKROOT = iphoneos;
				SWIFT_COMPILATION_MODE = wholemodule;
				SWIFT_OPTIMIZATION_LEVEL = "-O";
				VALIDATE_PRODUCT = YES;
			};
			name = Release;
		};
		CE9E795A293DCCD100AC19C8 /* Debug */ = {
			isa = XCBuildConfiguration;
			buildSettings = {
				ASSETCATALOG_COMPILER_APPICON_NAME = AppIcon;
				ASSETCATALOG_COMPILER_GLOBAL_ACCENT_COLOR_NAME = AccentColor;
				CODE_SIGN_STYLE = Automatic;
				CURRENT_PROJECT_VERSION = 1;
				GENERATE_INFOPLIST_FILE = YES;
				INFOPLIST_FILE = Instagramclone/Info.plist;
				INFOPLIST_KEY_UIApplicationSupportsIndirectInputEvents = YES;
				INFOPLIST_KEY_UILaunchStoryboardName = LaunchScreen;
				INFOPLIST_KEY_UIMainStoryboardFile = Main;
				INFOPLIST_KEY_UISupportedInterfaceOrientations_iPad = "UIInterfaceOrientationPortrait UIInterfaceOrientationPortraitUpsideDown UIInterfaceOrientationLandscapeLeft UIInterfaceOrientationLandscapeRight";
				INFOPLIST_KEY_UISupportedInterfaceOrientations_iPhone = "UIInterfaceOrientationPortrait UIInterfaceOrientationLandscapeLeft UIInterfaceOrientationLandscapeRight";
				LD_RUNPATH_SEARCH_PATHS = (
					"$(inherited)",
					"@executable_path/Frameworks",
				);
				MARKETING_VERSION = 1.0;
				PRODUCT_BUNDLE_IDENTIFIER = com.Loui.Instagramclone;
				PRODUCT_NAME = "$(TARGET_NAME)";
				SWIFT_EMIT_LOC_STRINGS = YES;
				SWIFT_VERSION = 5.0;
				TARGETED_DEVICE_FAMILY = "1,2";
			};
			name = Debug;
		};
		CE9E795B293DCCD100AC19C8 /* Release */ = {
			isa = XCBuildConfiguration;
			buildSettings = {
				ASSETCATALOG_COMPILER_APPICON_NAME = AppIcon;
				ASSETCATALOG_COMPILER_GLOBAL_ACCENT_COLOR_NAME = AccentColor;
				CODE_SIGN_STYLE = Automatic;
				CURRENT_PROJECT_VERSION = 1;
				GENERATE_INFOPLIST_FILE = YES;
				INFOPLIST_FILE = Instagramclone/Info.plist;
				INFOPLIST_KEY_UIApplicationSupportsIndirectInputEvents = YES;
				INFOPLIST_KEY_UILaunchStoryboardName = LaunchScreen;
				INFOPLIST_KEY_UIMainStoryboardFile = Main;
				INFOPLIST_KEY_UISupportedInterfaceOrientations_iPad = "UIInterfaceOrientationPortrait UIInterfaceOrientationPortraitUpsideDown UIInterfaceOrientationLandscapeLeft UIInterfaceOrientationLandscapeRight";
				INFOPLIST_KEY_UISupportedInterfaceOrientations_iPhone = "UIInterfaceOrientationPortrait UIInterfaceOrientationLandscapeLeft UIInterfaceOrientationLandscapeRight";
				LD_RUNPATH_SEARCH_PATHS = (
					"$(inherited)",
					"@executable_path/Frameworks",
				);
				MARKETING_VERSION = 1.0;
				PRODUCT_BUNDLE_IDENTIFIER = com.Loui.Instagramclone;
				PRODUCT_NAME = "$(TARGET_NAME)";
				SWIFT_EMIT_LOC_STRINGS = YES;
				SWIFT_VERSION = 5.0;
				TARGETED_DEVICE_FAMILY = "1,2";
			};
			name = Release;
		};
/* End XCBuildConfiguration section */

/* Begin XCConfigurationList section */
		CE9E7940293DCCCF00AC19C8 /* Build configuration list for PBXProject "Instagramclone" */ = {
			isa = XCConfigurationList;
			buildConfigurations = (
				CE9E7957293DCCD100AC19C8 /* Debug */,
				CE9E7958293DCCD100AC19C8 /* Release */,
			);
			defaultConfigurationIsVisible = 0;
			defaultConfigurationName = Release;
		};
		CE9E7959293DCCD100AC19C8 /* Build configuration list for PBXNativeTarget "Instagramclone" */ = {
			isa = XCConfigurationList;
			buildConfigurations = (
				CE9E795A293DCCD100AC19C8 /* Debug */,
				CE9E795B293DCCD100AC19C8 /* Release */,
			);
			defaultConfigurationIsVisible = 0;
			defaultConfigurationName = Release;
		};
/* End XCConfigurationList section */

/* Begin XCRemoteSwiftPackageReference section */
		CE6DA49B294861DD00659653 /* XCRemoteSwiftPackageReference "JGProgressHUD" */ = {
			isa = XCRemoteSwiftPackageReference;
			repositoryURL = "https://github.com/JonasGessner/JGProgressHUD.git";
			requirement = {
				branch = master;
				kind = branch;
			};
		};
		CE8CF0CB2955C74200147390 /* XCRemoteSwiftPackageReference "SDWebImage" */ = {
			isa = XCRemoteSwiftPackageReference;
			repositoryURL = "https://github.com/SDWebImage/SDWebImage.git";
			requirement = {
				branch = master;
				kind = branch;
			};
		};
		CEEA00902952FA730061C77C /* XCRemoteSwiftPackageReference "firebase-ios-sdk" */ = {
			isa = XCRemoteSwiftPackageReference;
			repositoryURL = "https://github.com/firebase/firebase-ios-sdk.git";
			requirement = {
				branch = master;
				kind = branch;
			};
		};
/* End XCRemoteSwiftPackageReference section */

/* Begin XCSwiftPackageProductDependency section */
		CE6DA49C294861DD00659653 /* JGProgressHUD */ = {
			isa = XCSwiftPackageProductDependency;
			package = CE6DA49B294861DD00659653 /* XCRemoteSwiftPackageReference "JGProgressHUD" */;
			productName = JGProgressHUD;
		};
		CE8CF0CC2955C74200147390 /* SDWebImage */ = {
			isa = XCSwiftPackageProductDependency;
			package = CE8CF0CB2955C74200147390 /* XCRemoteSwiftPackageReference "SDWebImage" */;
			productName = SDWebImage;
		};
		CE8CF0CE2955C74200147390 /* SDWebImageMapKit */ = {
			isa = XCSwiftPackageProductDependency;
			package = CE8CF0CB2955C74200147390 /* XCRemoteSwiftPackageReference "SDWebImage" */;
			productName = SDWebImageMapKit;
		};
		CEEA00912952FA730061C77C /* FirebaseAnalytics */ = {
			isa = XCSwiftPackageProductDependency;
			package = CEEA00902952FA730061C77C /* XCRemoteSwiftPackageReference "firebase-ios-sdk" */;
			productName = FirebaseAnalytics;
		};
		CEEA00932952FA730061C77C /* FirebaseAnalyticsOnDeviceConversion */ = {
			isa = XCSwiftPackageProductDependency;
			package = CEEA00902952FA730061C77C /* XCRemoteSwiftPackageReference "firebase-ios-sdk" */;
			productName = FirebaseAnalyticsOnDeviceConversion;
		};
		CEEA00952952FA730061C77C /* FirebaseAnalyticsSwift */ = {
			isa = XCSwiftPackageProductDependency;
			package = CEEA00902952FA730061C77C /* XCRemoteSwiftPackageReference "firebase-ios-sdk" */;
			productName = FirebaseAnalyticsSwift;
		};
		CEEA00972952FA730061C77C /* FirebaseAnalyticsWithoutAdIdSupport */ = {
			isa = XCSwiftPackageProductDependency;
			package = CEEA00902952FA730061C77C /* XCRemoteSwiftPackageReference "firebase-ios-sdk" */;
			productName = FirebaseAnalyticsWithoutAdIdSupport;
		};
		CEEA00992952FA730061C77C /* FirebaseAppCheck */ = {
			isa = XCSwiftPackageProductDependency;
			package = CEEA00902952FA730061C77C /* XCRemoteSwiftPackageReference "firebase-ios-sdk" */;
			productName = FirebaseAppCheck;
		};
		CEEA009B2952FA730061C77C /* FirebaseAppDistribution-Beta */ = {
			isa = XCSwiftPackageProductDependency;
			package = CEEA00902952FA730061C77C /* XCRemoteSwiftPackageReference "firebase-ios-sdk" */;
			productName = "FirebaseAppDistribution-Beta";
		};
		CEEA009D2952FA730061C77C /* FirebaseAuth */ = {
			isa = XCSwiftPackageProductDependency;
			package = CEEA00902952FA730061C77C /* XCRemoteSwiftPackageReference "firebase-ios-sdk" */;
			productName = FirebaseAuth;
		};
		CEEA009F2952FA730061C77C /* FirebaseAuthCombine-Community */ = {
			isa = XCSwiftPackageProductDependency;
			package = CEEA00902952FA730061C77C /* XCRemoteSwiftPackageReference "firebase-ios-sdk" */;
			productName = "FirebaseAuthCombine-Community";
		};
		CEEA00A12952FA730061C77C /* FirebaseCrashlytics */ = {
			isa = XCSwiftPackageProductDependency;
			package = CEEA00902952FA730061C77C /* XCRemoteSwiftPackageReference "firebase-ios-sdk" */;
			productName = FirebaseCrashlytics;
		};
		CEEA00A32952FA730061C77C /* FirebaseDatabase */ = {
			isa = XCSwiftPackageProductDependency;
			package = CEEA00902952FA730061C77C /* XCRemoteSwiftPackageReference "firebase-ios-sdk" */;
			productName = FirebaseDatabase;
		};
		CEEA00A52952FA730061C77C /* FirebaseDatabaseSwift */ = {
			isa = XCSwiftPackageProductDependency;
			package = CEEA00902952FA730061C77C /* XCRemoteSwiftPackageReference "firebase-ios-sdk" */;
			productName = FirebaseDatabaseSwift;
		};
		CEEA00A72952FA730061C77C /* FirebaseDynamicLinks */ = {
			isa = XCSwiftPackageProductDependency;
			package = CEEA00902952FA730061C77C /* XCRemoteSwiftPackageReference "firebase-ios-sdk" */;
			productName = FirebaseDynamicLinks;
		};
		CEEA00A92952FA730061C77C /* FirebaseFirestore */ = {
			isa = XCSwiftPackageProductDependency;
			package = CEEA00902952FA730061C77C /* XCRemoteSwiftPackageReference "firebase-ios-sdk" */;
			productName = FirebaseFirestore;
		};
		CEEA00AB2952FA730061C77C /* FirebaseFirestoreCombine-Community */ = {
			isa = XCSwiftPackageProductDependency;
			package = CEEA00902952FA730061C77C /* XCRemoteSwiftPackageReference "firebase-ios-sdk" */;
			productName = "FirebaseFirestoreCombine-Community";
		};
		CEEA00AD2952FA730061C77C /* FirebaseFirestoreSwift */ = {
			isa = XCSwiftPackageProductDependency;
			package = CEEA00902952FA730061C77C /* XCRemoteSwiftPackageReference "firebase-ios-sdk" */;
			productName = FirebaseFirestoreSwift;
		};
		CEEA00AF2952FA730061C77C /* FirebaseFunctions */ = {
			isa = XCSwiftPackageProductDependency;
			package = CEEA00902952FA730061C77C /* XCRemoteSwiftPackageReference "firebase-ios-sdk" */;
			productName = FirebaseFunctions;
		};
		CEEA00B12952FA730061C77C /* FirebaseFunctionsCombine-Community */ = {
			isa = XCSwiftPackageProductDependency;
			package = CEEA00902952FA730061C77C /* XCRemoteSwiftPackageReference "firebase-ios-sdk" */;
			productName = "FirebaseFunctionsCombine-Community";
		};
		CEEA00B32952FA730061C77C /* FirebaseInAppMessaging-Beta */ = {
			isa = XCSwiftPackageProductDependency;
			package = CEEA00902952FA730061C77C /* XCRemoteSwiftPackageReference "firebase-ios-sdk" */;
			productName = "FirebaseInAppMessaging-Beta";
		};
		CEEA00B52952FA730061C77C /* FirebaseInAppMessagingSwift-Beta */ = {
			isa = XCSwiftPackageProductDependency;
			package = CEEA00902952FA730061C77C /* XCRemoteSwiftPackageReference "firebase-ios-sdk" */;
			productName = "FirebaseInAppMessagingSwift-Beta";
		};
		CEEA00B72952FA730061C77C /* FirebaseInstallations */ = {
			isa = XCSwiftPackageProductDependency;
			package = CEEA00902952FA730061C77C /* XCRemoteSwiftPackageReference "firebase-ios-sdk" */;
			productName = FirebaseInstallations;
		};
		CEEA00B92952FA730061C77C /* FirebaseMLModelDownloader */ = {
			isa = XCSwiftPackageProductDependency;
			package = CEEA00902952FA730061C77C /* XCRemoteSwiftPackageReference "firebase-ios-sdk" */;
			productName = FirebaseMLModelDownloader;
		};
		CEEA00BB2952FA730061C77C /* FirebaseMessaging */ = {
			isa = XCSwiftPackageProductDependency;
			package = CEEA00902952FA730061C77C /* XCRemoteSwiftPackageReference "firebase-ios-sdk" */;
			productName = FirebaseMessaging;
		};
		CEEA00BD2952FA730061C77C /* FirebasePerformance */ = {
			isa = XCSwiftPackageProductDependency;
			package = CEEA00902952FA730061C77C /* XCRemoteSwiftPackageReference "firebase-ios-sdk" */;
			productName = FirebasePerformance;
		};
		CEEA00BF2952FA730061C77C /* FirebaseRemoteConfig */ = {
			isa = XCSwiftPackageProductDependency;
			package = CEEA00902952FA730061C77C /* XCRemoteSwiftPackageReference "firebase-ios-sdk" */;
			productName = FirebaseRemoteConfig;
		};
		CEEA00C12952FA730061C77C /* FirebaseRemoteConfigSwift */ = {
			isa = XCSwiftPackageProductDependency;
			package = CEEA00902952FA730061C77C /* XCRemoteSwiftPackageReference "firebase-ios-sdk" */;
			productName = FirebaseRemoteConfigSwift;
		};
		CEEA00C32952FA730061C77C /* FirebaseStorage */ = {
			isa = XCSwiftPackageProductDependency;
			package = CEEA00902952FA730061C77C /* XCRemoteSwiftPackageReference "firebase-ios-sdk" */;
			productName = FirebaseStorage;
		};
		CEEA00C52952FA730061C77C /* FirebaseStorageCombine-Community */ = {
			isa = XCSwiftPackageProductDependency;
			package = CEEA00902952FA730061C77C /* XCRemoteSwiftPackageReference "firebase-ios-sdk" */;
			productName = "FirebaseStorageCombine-Community";
		};
/* End XCSwiftPackageProductDependency section */
	};
	rootObject = CE9E793D293DCCCF00AC19C8 /* Project object */;
}
