// !$*UTF8*$!
{
	archiveVersion = 1;
	classes = {
	};
	objectVersion = 56;
	objects = {

/* Begin PBXBuildFile section */
		CE2BB618294C7B0C0036274A /* CustomTextField.swift in Sources */ = {isa = PBXBuildFile; fileRef = CE2BB617294C7B0C0036274A /* CustomTextField.swift */; };
		CE33E76B2951BD200090B17D /* AuthenticationViewModel.swift in Sources */ = {isa = PBXBuildFile; fileRef = CE33E76A2951BD200090B17D /* AuthenticationViewModel.swift */; };
		CE4832322975329C00F34663 /* ProfileHeaderViewModel.swift in Sources */ = {isa = PBXBuildFile; fileRef = CE4832312975329C00F34663 /* ProfileHeaderViewModel.swift */; };
		CE4AF44E29767E690004D5D0 /* UserCell.swift in Sources */ = {isa = PBXBuildFile; fileRef = CE4AF44D29767E690004D5D0 /* UserCell.swift */; };
		CE4AF4502976A9F50004D5D0 /* UserCellViewModel.swift in Sources */ = {isa = PBXBuildFile; fileRef = CE4AF44F2976A9F50004D5D0 /* UserCellViewModel.swift */; };
		CE5C01882977D8E600450071 /* FirebaseAnalytics in Frameworks */ = {isa = PBXBuildFile; productRef = CE5C01872977D8E600450071 /* FirebaseAnalytics */; };
		CE5C018A2977D8E600450071 /* FirebaseAnalyticsOnDeviceConversion in Frameworks */ = {isa = PBXBuildFile; productRef = CE5C01892977D8E600450071 /* FirebaseAnalyticsOnDeviceConversion */; };
		CE5C018C2977D8E600450071 /* FirebaseAnalyticsSwift in Frameworks */ = {isa = PBXBuildFile; productRef = CE5C018B2977D8E600450071 /* FirebaseAnalyticsSwift */; };
		CE5C018E2977D8E600450071 /* FirebaseAnalyticsWithoutAdIdSupport in Frameworks */ = {isa = PBXBuildFile; productRef = CE5C018D2977D8E600450071 /* FirebaseAnalyticsWithoutAdIdSupport */; };
		CE5C01902977D8E600450071 /* FirebaseAppCheck in Frameworks */ = {isa = PBXBuildFile; productRef = CE5C018F2977D8E600450071 /* FirebaseAppCheck */; };
		CE5C01922977D8E600450071 /* FirebaseAppDistribution-Beta in Frameworks */ = {isa = PBXBuildFile; productRef = CE5C01912977D8E600450071 /* FirebaseAppDistribution-Beta */; };
		CE5C01942977D8E600450071 /* FirebaseAuth in Frameworks */ = {isa = PBXBuildFile; productRef = CE5C01932977D8E600450071 /* FirebaseAuth */; };
		CE5C01962977D8E600450071 /* FirebaseAuthCombine-Community in Frameworks */ = {isa = PBXBuildFile; productRef = CE5C01952977D8E600450071 /* FirebaseAuthCombine-Community */; };
		CE5C01982977D8E600450071 /* FirebaseCrashlytics in Frameworks */ = {isa = PBXBuildFile; productRef = CE5C01972977D8E600450071 /* FirebaseCrashlytics */; };
		CE5C019A2977D8E600450071 /* FirebaseDatabase in Frameworks */ = {isa = PBXBuildFile; productRef = CE5C01992977D8E600450071 /* FirebaseDatabase */; };
		CE5C019C2977D8E600450071 /* FirebaseDatabaseSwift in Frameworks */ = {isa = PBXBuildFile; productRef = CE5C019B2977D8E600450071 /* FirebaseDatabaseSwift */; };
		CE5C019E2977D8E600450071 /* FirebaseDynamicLinks in Frameworks */ = {isa = PBXBuildFile; productRef = CE5C019D2977D8E600450071 /* FirebaseDynamicLinks */; };
		CE5C01A02977D8E600450071 /* FirebaseFirestore in Frameworks */ = {isa = PBXBuildFile; productRef = CE5C019F2977D8E600450071 /* FirebaseFirestore */; };
		CE5C01A22977D8E600450071 /* FirebaseFirestoreCombine-Community in Frameworks */ = {isa = PBXBuildFile; productRef = CE5C01A12977D8E600450071 /* FirebaseFirestoreCombine-Community */; };
		CE5C01A42977D8E600450071 /* FirebaseFirestoreSwift in Frameworks */ = {isa = PBXBuildFile; productRef = CE5C01A32977D8E600450071 /* FirebaseFirestoreSwift */; };
		CE5C01A62977D8E600450071 /* FirebaseFunctions in Frameworks */ = {isa = PBXBuildFile; productRef = CE5C01A52977D8E600450071 /* FirebaseFunctions */; };
		CE5C01A82977D8E600450071 /* FirebaseFunctionsCombine-Community in Frameworks */ = {isa = PBXBuildFile; productRef = CE5C01A72977D8E600450071 /* FirebaseFunctionsCombine-Community */; };
		CE5C01AA2977D8E600450071 /* FirebaseInAppMessaging-Beta in Frameworks */ = {isa = PBXBuildFile; productRef = CE5C01A92977D8E600450071 /* FirebaseInAppMessaging-Beta */; };
		CE5C01AC2977D8E600450071 /* FirebaseInAppMessagingSwift-Beta in Frameworks */ = {isa = PBXBuildFile; productRef = CE5C01AB2977D8E600450071 /* FirebaseInAppMessagingSwift-Beta */; };
		CE5C01AE2977D8E600450071 /* FirebaseInstallations in Frameworks */ = {isa = PBXBuildFile; productRef = CE5C01AD2977D8E600450071 /* FirebaseInstallations */; };
		CE5C01B02977D8E600450071 /* FirebaseMessaging in Frameworks */ = {isa = PBXBuildFile; productRef = CE5C01AF2977D8E600450071 /* FirebaseMessaging */; };
		CE5C01B22977D8E600450071 /* FirebaseMLModelDownloader in Frameworks */ = {isa = PBXBuildFile; productRef = CE5C01B12977D8E600450071 /* FirebaseMLModelDownloader */; };
		CE5C01B42977D8E600450071 /* FirebasePerformance in Frameworks */ = {isa = PBXBuildFile; productRef = CE5C01B32977D8E600450071 /* FirebasePerformance */; };
		CE5C01B62977D8E600450071 /* FirebaseRemoteConfig in Frameworks */ = {isa = PBXBuildFile; productRef = CE5C01B52977D8E600450071 /* FirebaseRemoteConfig */; };
		CE5C01B82977D8E600450071 /* FirebaseRemoteConfigSwift in Frameworks */ = {isa = PBXBuildFile; productRef = CE5C01B72977D8E600450071 /* FirebaseRemoteConfigSwift */; };
		CE5C01BA2977D8E600450071 /* FirebaseStorage in Frameworks */ = {isa = PBXBuildFile; productRef = CE5C01B92977D8E600450071 /* FirebaseStorage */; };
		CE5C01BC2977D8E600450071 /* FirebaseStorageCombine-Community in Frameworks */ = {isa = PBXBuildFile; productRef = CE5C01BB2977D8E600450071 /* FirebaseStorageCombine-Community */; };
		CE6DA49829485E0200659653 /* FeedCell.swift in Sources */ = {isa = PBXBuildFile; fileRef = CE6DA49729485E0200659653 /* FeedCell.swift */; };
		CE6DA49A2948619E00659653 /* Extensions.swift in Sources */ = {isa = PBXBuildFile; fileRef = CE6DA4992948619E00659653 /* Extensions.swift */; };
		CE6DA49D294861DD00659653 /* JGProgressHUD in Frameworks */ = {isa = PBXBuildFile; productRef = CE6DA49C294861DD00659653 /* JGProgressHUD */; };
		CE8CF0CD2955C74200147390 /* SDWebImage in Frameworks */ = {isa = PBXBuildFile; productRef = CE8CF0CC2955C74200147390 /* SDWebImage */; };
		CE8CF0CF2955C74200147390 /* SDWebImageMapKit in Frameworks */ = {isa = PBXBuildFile; productRef = CE8CF0CE2955C74200147390 /* SDWebImageMapKit */; };
		CE9E7949293DCCCF00AC19C8 /* AppDelegate.swift in Sources */ = {isa = PBXBuildFile; fileRef = CE9E7948293DCCCF00AC19C8 /* AppDelegate.swift */; };
		CE9E794B293DCCCF00AC19C8 /* SceneDelegate.swift in Sources */ = {isa = PBXBuildFile; fileRef = CE9E794A293DCCCF00AC19C8 /* SceneDelegate.swift */; };
		CE9E794D293DCCCF00AC19C8 /* ViewController.swift in Sources */ = {isa = PBXBuildFile; fileRef = CE9E794C293DCCCF00AC19C8 /* ViewController.swift */; };
		CE9E7950293DCCCF00AC19C8 /* Main.storyboard in Resources */ = {isa = PBXBuildFile; fileRef = CE9E794E293DCCCF00AC19C8 /* Main.storyboard */; };
		CE9E7952293DCCD100AC19C8 /* Assets.xcassets in Resources */ = {isa = PBXBuildFile; fileRef = CE9E7951293DCCD100AC19C8 /* Assets.xcassets */; };
		CE9E7955293DCCD100AC19C8 /* LaunchScreen.storyboard in Resources */ = {isa = PBXBuildFile; fileRef = CE9E7953293DCCD100AC19C8 /* LaunchScreen.storyboard */; };
		CE9E7963293DE4BB00AC19C8 /* MainTabController.swift in Sources */ = {isa = PBXBuildFile; fileRef = CE9E7962293DE4BB00AC19C8 /* MainTabController.swift */; };
		CE9E7965293DEBE100AC19C8 /* FeedController.swift in Sources */ = {isa = PBXBuildFile; fileRef = CE9E7964293DEBE100AC19C8 /* FeedController.swift */; };
		CE9E7967293DEC0100AC19C8 /* SearchController.swift in Sources */ = {isa = PBXBuildFile; fileRef = CE9E7966293DEC0100AC19C8 /* SearchController.swift */; };
		CE9E7969293DEC1600AC19C8 /* ImageSelectorController.swift in Sources */ = {isa = PBXBuildFile; fileRef = CE9E7968293DEC1600AC19C8 /* ImageSelectorController.swift */; };
		CE9E796B293DEC2800AC19C8 /* NotificationController.swift in Sources */ = {isa = PBXBuildFile; fileRef = CE9E796A293DEC2800AC19C8 /* NotificationController.swift */; };
		CE9E796D293DEC4700AC19C8 /* ProfileController.swift in Sources */ = {isa = PBXBuildFile; fileRef = CE9E796C293DEC4700AC19C8 /* ProfileController.swift */; };
		CEA9B9092949B824007A5834 /* LoginController.swift in Sources */ = {isa = PBXBuildFile; fileRef = CEA9B9082949B824007A5834 /* LoginController.swift */; };
		CEA9B90B2949B832007A5834 /* RegistrationController.swift in Sources */ = {isa = PBXBuildFile; fileRef = CEA9B90A2949B832007A5834 /* RegistrationController.swift */; };
		CEB08CEF2958307500074F5E /* Users.swift in Sources */ = {isa = PBXBuildFile; fileRef = CEB08CEE2958307500074F5E /* Users.swift */; };
		CEBE5E562957187A007AD335 /* UserService.swift in Sources */ = {isa = PBXBuildFile; fileRef = CEBE5E552957187A007AD335 /* UserService.swift */; };
		CEBE5E5829571986007AD335 /* Constants.swift in Sources */ = {isa = PBXBuildFile; fileRef = CEBE5E5729571986007AD335 /* Constants.swift */; };
		CEBECA7D2954584E002A12FC /* ProfileCell.swift in Sources */ = {isa = PBXBuildFile; fileRef = CEBECA7C2954584E002A12FC /* ProfileCell.swift */; };
		CEBECA7F2954585F002A12FC /* ProfileHeader.swift in Sources */ = {isa = PBXBuildFile; fileRef = CEBECA7E2954585E002A12FC /* ProfileHeader.swift */; };
		CEEA008F2952F9860061C77C /* GoogleService-Info.plist in Resources */ = {isa = PBXBuildFile; fileRef = CEEA008E2952F9860061C77C /* GoogleService-Info.plist */; };
		CEEA00C8295312550061C77C /* ImageUploader.swift in Sources */ = {isa = PBXBuildFile; fileRef = CEEA00C7295312550061C77C /* ImageUploader.swift */; };
		CEEA00CA295312660061C77C /* AuthService.swift in Sources */ = {isa = PBXBuildFile; fileRef = CEEA00C9295312660061C77C /* AuthService.swift */; };
/* End PBXBuildFile section */

/* Begin PBXFileReference section */
		CE2BB617294C7B0C0036274A /* CustomTextField.swift */ = {isa = PBXFileReference; lastKnownFileType = sourcecode.swift; path = CustomTextField.swift; sourceTree = "<group>"; };
		CE33E76A2951BD200090B17D /* AuthenticationViewModel.swift */ = {isa = PBXFileReference; lastKnownFileType = sourcecode.swift; path = AuthenticationViewModel.swift; sourceTree = "<group>"; };
		CE4832312975329C00F34663 /* ProfileHeaderViewModel.swift */ = {isa = PBXFileReference; lastKnownFileType = sourcecode.swift; path = ProfileHeaderViewModel.swift; sourceTree = "<group>"; };
		CE4AF44D29767E690004D5D0 /* UserCell.swift */ = {isa = PBXFileReference; lastKnownFileType = sourcecode.swift; path = UserCell.swift; sourceTree = "<group>"; };
		CE4AF44F2976A9F50004D5D0 /* UserCellViewModel.swift */ = {isa = PBXFileReference; lastKnownFileType = sourcecode.swift; path = UserCellViewModel.swift; sourceTree = "<group>"; };
		CE6DA49729485E0200659653 /* FeedCell.swift */ = {isa = PBXFileReference; lastKnownFileType = sourcecode.swift; path = FeedCell.swift; sourceTree = "<group>"; };
		CE6DA4992948619E00659653 /* Extensions.swift */ = {isa = PBXFileReference; lastKnownFileType = sourcecode.swift; path = Extensions.swift; sourceTree = "<group>"; };
		CE9E7945293DCCCF00AC19C8 /* Instagramclone.app */ = {isa = PBXFileReference; explicitFileType = wrapper.application; includeInIndex = 0; path = Instagramclone.app; sourceTree = BUILT_PRODUCTS_DIR; };
		CE9E7948293DCCCF00AC19C8 /* AppDelegate.swift */ = {isa = PBXFileReference; lastKnownFileType = sourcecode.swift; path = AppDelegate.swift; sourceTree = "<group>"; };
		CE9E794A293DCCCF00AC19C8 /* SceneDelegate.swift */ = {isa = PBXFileReference; lastKnownFileType = sourcecode.swift; path = SceneDelegate.swift; sourceTree = "<group>"; };
		CE9E794C293DCCCF00AC19C8 /* ViewController.swift */ = {isa = PBXFileReference; lastKnownFileType = sourcecode.swift; path = ViewController.swift; sourceTree = "<group>"; };
		CE9E794F293DCCCF00AC19C8 /* Base */ = {isa = PBXFileReference; lastKnownFileType = file.storyboard; name = Base; path = Base.lproj/Main.storyboard; sourceTree = "<group>"; };
		CE9E7951293DCCD100AC19C8 /* Assets.xcassets */ = {isa = PBXFileReference; lastKnownFileType = folder.assetcatalog; path = Assets.xcassets; sourceTree = "<group>"; };
		CE9E7954293DCCD100AC19C8 /* Base */ = {isa = PBXFileReference; lastKnownFileType = file.storyboard; name = Base; path = Base.lproj/LaunchScreen.storyboard; sourceTree = "<group>"; };
		CE9E7956293DCCD100AC19C8 /* Info.plist */ = {isa = PBXFileReference; lastKnownFileType = text.plist.xml; path = Info.plist; sourceTree = "<group>"; };
		CE9E7962293DE4BB00AC19C8 /* MainTabController.swift */ = {isa = PBXFileReference; lastKnownFileType = sourcecode.swift; path = MainTabController.swift; sourceTree = "<group>"; };
		CE9E7964293DEBE100AC19C8 /* FeedController.swift */ = {isa = PBXFileReference; lastKnownFileType = sourcecode.swift; path = FeedController.swift; sourceTree = "<group>"; };
		CE9E7966293DEC0100AC19C8 /* SearchController.swift */ = {isa = PBXFileReference; lastKnownFileType = sourcecode.swift; path = SearchController.swift; sourceTree = "<group>"; };
		CE9E7968293DEC1600AC19C8 /* ImageSelectorController.swift */ = {isa = PBXFileReference; lastKnownFileType = sourcecode.swift; path = ImageSelectorController.swift; sourceTree = "<group>"; };
		CE9E796A293DEC2800AC19C8 /* NotificationController.swift */ = {isa = PBXFileReference; lastKnownFileType = sourcecode.swift; path = NotificationController.swift; sourceTree = "<group>"; };
		CE9E796C293DEC4700AC19C8 /* ProfileController.swift */ = {isa = PBXFileReference; lastKnownFileType = sourcecode.swift; path = ProfileController.swift; sourceTree = "<group>"; };
		CEA9B9082949B824007A5834 /* LoginController.swift */ = {isa = PBXFileReference; lastKnownFileType = sourcecode.swift; path = LoginController.swift; sourceTree = "<group>"; };
		CEA9B90A2949B832007A5834 /* RegistrationController.swift */ = {isa = PBXFileReference; lastKnownFileType = sourcecode.swift; path = RegistrationController.swift; sourceTree = "<group>"; };
		CEB08CEE2958307500074F5E /* Users.swift */ = {isa = PBXFileReference; lastKnownFileType = sourcecode.swift; path = Users.swift; sourceTree = "<group>"; };
		CEBE5E552957187A007AD335 /* UserService.swift */ = {isa = PBXFileReference; lastKnownFileType = sourcecode.swift; path = UserService.swift; sourceTree = "<group>"; };
		CEBE5E5729571986007AD335 /* Constants.swift */ = {isa = PBXFileReference; lastKnownFileType = sourcecode.swift; path = Constants.swift; sourceTree = "<group>"; };
		CEBECA7C2954584E002A12FC /* ProfileCell.swift */ = {isa = PBXFileReference; lastKnownFileType = sourcecode.swift; path = ProfileCell.swift; sourceTree = "<group>"; };
		CEBECA7E2954585E002A12FC /* ProfileHeader.swift */ = {isa = PBXFileReference; lastKnownFileType = sourcecode.swift; path = ProfileHeader.swift; sourceTree = "<group>"; };
		CEEA008E2952F9860061C77C /* GoogleService-Info.plist */ = {isa = PBXFileReference; fileEncoding = 4; lastKnownFileType = text.plist.xml; path = "GoogleService-Info.plist"; sourceTree = "<group>"; };
		CEEA00C7295312550061C77C /* ImageUploader.swift */ = {isa = PBXFileReference; lastKnownFileType = sourcecode.swift; path = ImageUploader.swift; sourceTree = "<group>"; };
		CEEA00C9295312660061C77C /* AuthService.swift */ = {isa = PBXFileReference; lastKnownFileType = sourcecode.swift; path = AuthService.swift; sourceTree = "<group>"; };
/* End PBXFileReference section */

/* Begin PBXFrameworksBuildPhase section */
		CE9E7942293DCCCF00AC19C8 /* Frameworks */ = {
			isa = PBXFrameworksBuildPhase;
			buildActionMask = 2147483647;
			files = (
				CE5C019C2977D8E600450071 /* FirebaseDatabaseSwift in Frameworks */,
				CE8CF0CD2955C74200147390 /* SDWebImage in Frameworks */,
				CE5C01B42977D8E600450071 /* FirebasePerformance in Frameworks */,
				CE5C01B62977D8E600450071 /* FirebaseRemoteConfig in Frameworks */,
				CE5C018A2977D8E600450071 /* FirebaseAnalyticsOnDeviceConversion in Frameworks */,
				CE5C01AE2977D8E600450071 /* FirebaseInstallations in Frameworks */,
				CE5C01A22977D8E600450071 /* FirebaseFirestoreCombine-Community in Frameworks */,
				CE5C01AC2977D8E600450071 /* FirebaseInAppMessagingSwift-Beta in Frameworks */,
				CE8CF0CF2955C74200147390 /* SDWebImageMapKit in Frameworks */,
				CE5C01B02977D8E600450071 /* FirebaseMessaging in Frameworks */,
				CE5C01A42977D8E600450071 /* FirebaseFirestoreSwift in Frameworks */,
				CE5C01A02977D8E600450071 /* FirebaseFirestore in Frameworks */,
				CE5C01A62977D8E600450071 /* FirebaseFunctions in Frameworks */,
				CE5C01B22977D8E600450071 /* FirebaseMLModelDownloader in Frameworks */,
				CE6DA49D294861DD00659653 /* JGProgressHUD in Frameworks */,
				CE5C018C2977D8E600450071 /* FirebaseAnalyticsSwift in Frameworks */,
				CE5C01882977D8E600450071 /* FirebaseAnalytics in Frameworks */,
				CE5C01962977D8E600450071 /* FirebaseAuthCombine-Community in Frameworks */,
				CE5C01942977D8E600450071 /* FirebaseAuth in Frameworks */,
				CE5C01A82977D8E600450071 /* FirebaseFunctionsCombine-Community in Frameworks */,
				CE5C01982977D8E600450071 /* FirebaseCrashlytics in Frameworks */,
				CE5C019E2977D8E600450071 /* FirebaseDynamicLinks in Frameworks */,
				CE5C01BA2977D8E600450071 /* FirebaseStorage in Frameworks */,
				CE5C01AA2977D8E600450071 /* FirebaseInAppMessaging-Beta in Frameworks */,
				CE5C01B82977D8E600450071 /* FirebaseRemoteConfigSwift in Frameworks */,
				CE5C01922977D8E600450071 /* FirebaseAppDistribution-Beta in Frameworks */,
				CE5C01BC2977D8E600450071 /* FirebaseStorageCombine-Community in Frameworks */,
				CE5C01902977D8E600450071 /* FirebaseAppCheck in Frameworks */,
				CE5C019A2977D8E600450071 /* FirebaseDatabase in Frameworks */,
				CE5C018E2977D8E600450071 /* FirebaseAnalyticsWithoutAdIdSupport in Frameworks */,
			);
			runOnlyForDeploymentPostprocessing = 0;
		};
/* End PBXFrameworksBuildPhase section */

/* Begin PBXGroup section */
		CE9E793C293DCCCF00AC19C8 = {
			isa = PBXGroup;
			children = (
				CE9E7947293DCCCF00AC19C8 /* Instagramclone */,
				CE9E7946293DCCCF00AC19C8 /* Products */,
			);
			sourceTree = "<group>";
		};
		CE9E7946293DCCCF00AC19C8 /* Products */ = {
			isa = PBXGroup;
			children = (
				CE9E7945293DCCCF00AC19C8 /* Instagramclone.app */,
			);
			name = Products;
			sourceTree = "<group>";
		};
		CE9E7947293DCCCF00AC19C8 /* Instagramclone */ = {
			isa = PBXGroup;
			children = (
				CE9E7961293DE40400AC19C8 /* Model */,
				CE9E7960293DE40000AC19C8 /* View */,
				CE9E795F293DE3FE00AC19C8 /* ViewModel */,
				CE9E795E293DE3FB00AC19C8 /* Controller */,
				CE9E795D293DE3F800AC19C8 /* API */,
				CE9E795C293DE3F500AC19C8 /* Utils */,
				CE9E7948293DCCCF00AC19C8 /* AppDelegate.swift */,
				CE9E794A293DCCCF00AC19C8 /* SceneDelegate.swift */,
				CE9E794C293DCCCF00AC19C8 /* ViewController.swift */,
				CE9E794E293DCCCF00AC19C8 /* Main.storyboard */,
				CE9E7951293DCCD100AC19C8 /* Assets.xcassets */,
				CE9E7953293DCCD100AC19C8 /* LaunchScreen.storyboard */,
				CE9E7956293DCCD100AC19C8 /* Info.plist */,
				CEEA008E2952F9860061C77C /* GoogleService-Info.plist */,
			);
			path = Instagramclone;
			sourceTree = "<group>";
		};
		CE9E795C293DE3F500AC19C8 /* Utils */ = {
			isa = PBXGroup;
			children = (
				CE6DA4992948619E00659653 /* Extensions.swift */,
				CEBE5E5729571986007AD335 /* Constants.swift */,
			);
			path = Utils;
			sourceTree = "<group>";
		};
		CE9E795D293DE3F800AC19C8 /* API */ = {
			isa = PBXGroup;
			children = (
				CEEA00C7295312550061C77C /* ImageUploader.swift */,
				CEEA00C9295312660061C77C /* AuthService.swift */,
				CEBE5E552957187A007AD335 /* UserService.swift */,
			);
			path = API;
			sourceTree = "<group>";
		};
		CE9E795E293DE3FB00AC19C8 /* Controller */ = {
			isa = PBXGroup;
			children = (
				CEA9B9072949B807007A5834 /* Authentication */,
				CE9E7962293DE4BB00AC19C8 /* MainTabController.swift */,
				CE9E7964293DEBE100AC19C8 /* FeedController.swift */,
				CE9E7966293DEC0100AC19C8 /* SearchController.swift */,
				CE9E7968293DEC1600AC19C8 /* ImageSelectorController.swift */,
				CE9E796A293DEC2800AC19C8 /* NotificationController.swift */,
				CE9E796C293DEC4700AC19C8 /* ProfileController.swift */,
			);
			path = Controller;
			sourceTree = "<group>";
		};
		CE9E795F293DE3FE00AC19C8 /* ViewModel */ = {
			isa = PBXGroup;
			children = (
				CE33E76A2951BD200090B17D /* AuthenticationViewModel.swift */,
				CE4832312975329C00F34663 /* ProfileHeaderViewModel.swift */,
				CE4AF44F2976A9F50004D5D0 /* UserCellViewModel.swift */,
			);
			path = ViewModel;
			sourceTree = "<group>";
		};
		CE9E7960293DE40000AC19C8 /* View */ = {
			isa = PBXGroup;
			children = (
				CEBECA7B2954583C002A12FC /* Profile */,
				CE6DA49729485E0200659653 /* FeedCell.swift */,
				CE2BB617294C7B0C0036274A /* CustomTextField.swift */,
				CE4AF44D29767E690004D5D0 /* UserCell.swift */,
			);
			path = View;
			sourceTree = "<group>";
		};
		CE9E7961293DE40400AC19C8 /* Model */ = {
			isa = PBXGroup;
			children = (
				CEB08CEE2958307500074F5E /* Users.swift */,
			);
			path = Model;
			sourceTree = "<group>";
		};
		CEA9B9072949B807007A5834 /* Authentication */ = {
			isa = PBXGroup;
			children = (
				CEA9B9082949B824007A5834 /* LoginController.swift */,
				CEA9B90A2949B832007A5834 /* RegistrationController.swift */,
			);
			path = Authentication;
			sourceTree = "<group>";
		};
		CEBECA7B2954583C002A12FC /* Profile */ = {
			isa = PBXGroup;
			children = (
				CEBECA7C2954584E002A12FC /* ProfileCell.swift */,
				CEBECA7E2954585E002A12FC /* ProfileHeader.swift */,
			);
			path = Profile;
			sourceTree = "<group>";
		};
/* End PBXGroup section */

/* Begin PBXNativeTarget section */
		CE9E7944293DCCCF00AC19C8 /* Instagramclone */ = {
			isa = PBXNativeTarget;
			buildConfigurationList = CE9E7959293DCCD100AC19C8 /* Build configuration list for PBXNativeTarget "Instagramclone" */;
			buildPhases = (
				27A611D3E7E99D2DB1BB9EE9 /* [CP] Check Pods Manifest.lock */,
				CE9E7941293DCCCF00AC19C8 /* Sources */,
				CE9E7942293DCCCF00AC19C8 /* Frameworks */,
				CE9E7943293DCCCF00AC19C8 /* Resources */,
				4608A16B4D64DC9C0A5098BE /* [CP] Embed Pods Frameworks */,
			);
			buildRules = (
			);
			dependencies = (
			);
			name = Instagramclone;
			packageProductDependencies = (
				CE6DA49C294861DD00659653 /* JGProgressHUD */,
				CE8CF0CC2955C74200147390 /* SDWebImage */,
				CE8CF0CE2955C74200147390 /* SDWebImageMapKit */,
				CE5C01872977D8E600450071 /* FirebaseAnalytics */,
				CE5C01892977D8E600450071 /* FirebaseAnalyticsOnDeviceConversion */,
				CE5C018B2977D8E600450071 /* FirebaseAnalyticsSwift */,
				CE5C018D2977D8E600450071 /* FirebaseAnalyticsWithoutAdIdSupport */,
				CE5C018F2977D8E600450071 /* FirebaseAppCheck */,
				CE5C01912977D8E600450071 /* FirebaseAppDistribution-Beta */,
				CE5C01932977D8E600450071 /* FirebaseAuth */,
				CE5C01952977D8E600450071 /* FirebaseAuthCombine-Community */,
				CE5C01972977D8E600450071 /* FirebaseCrashlytics */,
				CE5C01992977D8E600450071 /* FirebaseDatabase */,
				CE5C019B2977D8E600450071 /* FirebaseDatabaseSwift */,
				CE5C019D2977D8E600450071 /* FirebaseDynamicLinks */,
				CE5C019F2977D8E600450071 /* FirebaseFirestore */,
				CE5C01A12977D8E600450071 /* FirebaseFirestoreCombine-Community */,
				CE5C01A32977D8E600450071 /* FirebaseFirestoreSwift */,
				CE5C01A52977D8E600450071 /* FirebaseFunctions */,
				CE5C01A72977D8E600450071 /* FirebaseFunctionsCombine-Community */,
				CE5C01A92977D8E600450071 /* FirebaseInAppMessaging-Beta */,
				CE5C01AB2977D8E600450071 /* FirebaseInAppMessagingSwift-Beta */,
				CE5C01AD2977D8E600450071 /* FirebaseInstallations */,
				CE5C01AF2977D8E600450071 /* FirebaseMessaging */,
				CE5C01B12977D8E600450071 /* FirebaseMLModelDownloader */,
				CE5C01B32977D8E600450071 /* FirebasePerformance */,
				CE5C01B52977D8E600450071 /* FirebaseRemoteConfig */,
				CE5C01B72977D8E600450071 /* FirebaseRemoteConfigSwift */,
				CE5C01B92977D8E600450071 /* FirebaseStorage */,
				CE5C01BB2977D8E600450071 /* FirebaseStorageCombine-Community */,
			);
			productName = Instagramclone;
			productReference = CE9E7945293DCCCF00AC19C8 /* Instagramclone.app */;
			productType = "com.apple.product-type.application";
		};
/* End PBXNativeTarget section */

/* Begin PBXProject section */
		CE9E793D293DCCCF00AC19C8 /* Project object */ = {
			isa = PBXProject;
			attributes = {
				BuildIndependentTargetsInParallel = 1;
				LastSwiftUpdateCheck = 1410;
				LastUpgradeCheck = 1410;
				TargetAttributes = {
					CE9E7944293DCCCF00AC19C8 = {
						CreatedOnToolsVersion = 14.1;
					};
				};
			};
			buildConfigurationList = CE9E7940293DCCCF00AC19C8 /* Build configuration list for PBXProject "Instagramclone" */;
			compatibilityVersion = "Xcode 14.0";
			developmentRegion = en;
			hasScannedForEncodings = 0;
			knownRegions = (
				en,
				Base,
			);
			mainGroup = CE9E793C293DCCCF00AC19C8;
			packageReferences = (
				CE6DA49B294861DD00659653 /* XCRemoteSwiftPackageReference "JGProgressHUD" */,
				CEEA00902952FA730061C77C /* XCRemoteSwiftPackageReference "firebase-ios-sdk" */,
				CE8CF0CB2955C74200147390 /* XCRemoteSwiftPackageReference "SDWebImage" */,
			);
			productRefGroup = CE9E7946293DCCCF00AC19C8 /* Products */;
			projectDirPath = "";
			projectRoot = "";
			targets = (
				CE9E7944293DCCCF00AC19C8 /* Instagramclone */,
			);
		};
/* End PBXProject section */

/* Begin PBXResourcesBuildPhase section */
		CE9E7943293DCCCF00AC19C8 /* Resources */ = {
			isa = PBXResourcesBuildPhase;
			buildActionMask = 2147483647;
			files = (
				CE9E7955293DCCD100AC19C8 /* LaunchScreen.storyboard in Resources */,
				CE9E7952293DCCD100AC19C8 /* Assets.xcassets in Resources */,
				CE9E7950293DCCCF00AC19C8 /* Main.storyboard in Resources */,
				CEEA008F2952F9860061C77C /* GoogleService-Info.plist in Resources */,
			);
			runOnlyForDeploymentPostprocessing = 0;
		};
/* End PBXResourcesBuildPhase section */

/* Begin PBXShellScriptBuildPhase section */
		27A611D3E7E99D2DB1BB9EE9 /* [CP] Check Pods Manifest.lock */ = {
			isa = PBXShellScriptBuildPhase;
			buildActionMask = 2147483647;
			files = (
			);
			inputFileListPaths = (
			);
			inputPaths = (
				"${PODS_PODFILE_DIR_PATH}/Podfile.lock",
				"${PODS_ROOT}/Manifest.lock",
			);
			name = "[CP] Check Pods Manifest.lock";
			outputFileListPaths = (
			);
			outputPaths = (
				"$(DERIVED_FILE_DIR)/Pods-Instagramclone-checkManifestLockResult.txt",
			);
			runOnlyForDeploymentPostprocessing = 0;
			shellPath = /bin/sh;
			shellScript = "diff \"${PODS_PODFILE_DIR_PATH}/Podfile.lock\" \"${PODS_ROOT}/Manifest.lock\" > /dev/null\nif [ $? != 0 ] ; then\n    # print error to STDERR\n    echo \"error: The sandbox is not in sync with the Podfile.lock. Run 'pod install' or update your CocoaPods installation.\" >&2\n    exit 1\nfi\n# This output is used by Xcode 'outputs' to avoid re-running this script phase.\necho \"SUCCESS\" > \"${SCRIPT_OUTPUT_FILE_0}\"\n";
			showEnvVarsInLog = 0;
		};
		4608A16B4D64DC9C0A5098BE /* [CP] Embed Pods Frameworks */ = {
			isa = PBXShellScriptBuildPhase;
			buildActionMask = 2147483647;
			files = (
			);
			inputFileListPaths = (
				"${PODS_ROOT}/Target Support Files/Pods-Instagramclone/Pods-Instagramclone-frameworks-${CONFIGURATION}-input-files.xcfilelist",
			);
			name = "[CP] Embed Pods Frameworks";
			outputFileListPaths = (
				"${PODS_ROOT}/Target Support Files/Pods-Instagramclone/Pods-Instagramclone-frameworks-${CONFIGURATION}-output-files.xcfilelist",
			);
			runOnlyForDeploymentPostprocessing = 0;
			shellPath = /bin/sh;
			shellScript = "\"${PODS_ROOT}/Target Support Files/Pods-Instagramclone/Pods-Instagramclone-frameworks.sh\"\n";
			showEnvVarsInLog = 0;
		};
/* End PBXShellScriptBuildPhase section */

/* Begin PBXSourcesBuildPhase section */
		CE9E7941293DCCCF00AC19C8 /* Sources */ = {
			isa = PBXSourcesBuildPhase;
			buildActionMask = 2147483647;
			files = (
				CE2BB618294C7B0C0036274A /* CustomTextField.swift in Sources */,
				CEBECA7F2954585F002A12FC /* ProfileHeader.swift in Sources */,
				CE9E7963293DE4BB00AC19C8 /* MainTabController.swift in Sources */,
				CEA9B9092949B824007A5834 /* LoginController.swift in Sources */,
				CE6DA49829485E0200659653 /* FeedCell.swift in Sources */,
				CE9E7969293DEC1600AC19C8 /* ImageSelectorController.swift in Sources */,
				CE9E796B293DEC2800AC19C8 /* NotificationController.swift in Sources */,
				CE33E76B2951BD200090B17D /* AuthenticationViewModel.swift in Sources */,
				CE4AF44E29767E690004D5D0 /* UserCell.swift in Sources */,
				CE9E7967293DEC0100AC19C8 /* SearchController.swift in Sources */,
				CEB08CEF2958307500074F5E /* Users.swift in Sources */,
				CE9E794D293DCCCF00AC19C8 /* ViewController.swift in Sources */,
				CE4832322975329C00F34663 /* ProfileHeaderViewModel.swift in Sources */,
				CE9E796D293DEC4700AC19C8 /* ProfileController.swift in Sources */,
				CEBE5E5829571986007AD335 /* Constants.swift in Sources */,
				CE9E7965293DEBE100AC19C8 /* FeedController.swift in Sources */,
				CE4AF4502976A9F50004D5D0 /* UserCellViewModel.swift in Sources */,
				CE9E7949293DCCCF00AC19C8 /* AppDelegate.swift in Sources */,
				CE6DA49A2948619E00659653 /* Extensions.swift in Sources */,
				CEBECA7D2954584E002A12FC /* ProfileCell.swift in Sources */,
				CEEA00C8295312550061C77C /* ImageUploader.swift in Sources */,
				CEBE5E562957187A007AD335 /* UserService.swift in Sources */,
				CEEA00CA295312660061C77C /* AuthService.swift in Sources */,
				CE9E794B293DCCCF00AC19C8 /* SceneDelegate.swift in Sources */,
				CEA9B90B2949B832007A5834 /* RegistrationController.swift in Sources */,
			);
			runOnlyForDeploymentPostprocessing = 0;
		};
/* End PBXSourcesBuildPhase section */

/* Begin PBXVariantGroup section */
		CE9E794E293DCCCF00AC19C8 /* Main.storyboard */ = {
			isa = PBXVariantGroup;
			children = (
				CE9E794F293DCCCF00AC19C8 /* Base */,
			);
			name = Main.storyboard;
			sourceTree = "<group>";
		};
		CE9E7953293DCCD100AC19C8 /* LaunchScreen.storyboard */ = {
			isa = PBXVariantGroup;
			children = (
				CE9E7954293DCCD100AC19C8 /* Base */,
			);
			name = LaunchScreen.storyboard;
			sourceTree = "<group>";
		};
/* End PBXVariantGroup section */

/* Begin XCBuildConfiguration section */
		CE9E7957293DCCD100AC19C8 /* Debug */ = {
			isa = XCBuildConfiguration;
			buildSettings = {
				ALWAYS_SEARCH_USER_PATHS = NO;
				CLANG_ANALYZER_NONNULL = YES;
				CLANG_ANALYZER_NUMBER_OBJECT_CONVERSION = YES_AGGRESSIVE;
				CLANG_CXX_LANGUAGE_STANDARD = "gnu++20";
				CLANG_ENABLE_MODULES = YES;
				CLANG_ENABLE_OBJC_ARC = YES;
				CLANG_ENABLE_OBJC_WEAK = YES;
				CLANG_WARN_BLOCK_CAPTURE_AUTORELEASING = YES;
				CLANG_WARN_BOOL_CONVERSION = YES;
				CLANG_WARN_COMMA = YES;
				CLANG_WARN_CONSTANT_CONVERSION = YES;
				CLANG_WARN_DEPRECATED_OBJC_IMPLEMENTATIONS = YES;
				CLANG_WARN_DIRECT_OBJC_ISA_USAGE = YES_ERROR;
				CLANG_WARN_DOCUMENTATION_COMMENTS = YES;
				CLANG_WARN_EMPTY_BODY = YES;
				CLANG_WARN_ENUM_CONVERSION = YES;
				CLANG_WARN_INFINITE_RECURSION = YES;
				CLANG_WARN_INT_CONVERSION = YES;
				CLANG_WARN_NON_LITERAL_NULL_CONVERSION = YES;
				CLANG_WARN_OBJC_IMPLICIT_RETAIN_SELF = YES;
				CLANG_WARN_OBJC_LITERAL_CONVERSION = YES;
				CLANG_WARN_OBJC_ROOT_CLASS = YES_ERROR;
				CLANG_WARN_QUOTED_INCLUDE_IN_FRAMEWORK_HEADER = YES;
				CLANG_WARN_RANGE_LOOP_ANALYSIS = YES;
				CLANG_WARN_STRICT_PROTOTYPES = YES;
				CLANG_WARN_SUSPICIOUS_MOVE = YES;
				CLANG_WARN_UNGUARDED_AVAILABILITY = YES_AGGRESSIVE;
				CLANG_WARN_UNREACHABLE_CODE = YES;
				CLANG_WARN__DUPLICATE_METHOD_MATCH = YES;
				COPY_PHASE_STRIP = NO;
				DEBUG_INFORMATION_FORMAT = dwarf;
				ENABLE_STRICT_OBJC_MSGSEND = YES;
				ENABLE_TESTABILITY = YES;
				GCC_C_LANGUAGE_STANDARD = gnu11;
				GCC_DYNAMIC_NO_PIC = NO;
				GCC_NO_COMMON_BLOCKS = YES;
				GCC_OPTIMIZATION_LEVEL = 0;
				GCC_PREPROCESSOR_DEFINITIONS = (
					"DEBUG=1",
					"$(inherited)",
				);
				GCC_WARN_64_TO_32_BIT_CONVERSION = YES;
				GCC_WARN_ABOUT_RETURN_TYPE = YES_ERROR;
				GCC_WARN_UNDECLARED_SELECTOR = YES;
				GCC_WARN_UNINITIALIZED_AUTOS = YES_AGGRESSIVE;
				GCC_WARN_UNUSED_FUNCTION = YES;
				GCC_WARN_UNUSED_VARIABLE = YES;
				IPHONEOS_DEPLOYMENT_TARGET = 14.0;
				MTL_ENABLE_DEBUG_INFO = INCLUDE_SOURCE;
				MTL_FAST_MATH = YES;
				ONLY_ACTIVE_ARCH = YES;
				SDKROOT = iphoneos;
				SWIFT_ACTIVE_COMPILATION_CONDITIONS = DEBUG;
				SWIFT_OPTIMIZATION_LEVEL = "-Onone";
			};
			name = Debug;
		};
		CE9E7958293DCCD100AC19C8 /* Release */ = {
			isa = XCBuildConfiguration;
			buildSettings = {
				ALWAYS_SEARCH_USER_PATHS = NO;
				CLANG_ANALYZER_NONNULL = YES;
				CLANG_ANALYZER_NUMBER_OBJECT_CONVERSION = YES_AGGRESSIVE;
				CLANG_CXX_LANGUAGE_STANDARD = "gnu++20";
				CLANG_ENABLE_MODULES = YES;
				CLANG_ENABLE_OBJC_ARC = YES;
				CLANG_ENABLE_OBJC_WEAK = YES;
				CLANG_WARN_BLOCK_CAPTURE_AUTORELEASING = YES;
				CLANG_WARN_BOOL_CONVERSION = YES;
				CLANG_WARN_COMMA = YES;
				CLANG_WARN_CONSTANT_CONVERSION = YES;
				CLANG_WARN_DEPRECATED_OBJC_IMPLEMENTATIONS = YES;
				CLANG_WARN_DIRECT_OBJC_ISA_USAGE = YES_ERROR;
				CLANG_WARN_DOCUMENTATION_COMMENTS = YES;
				CLANG_WARN_EMPTY_BODY = YES;
				CLANG_WARN_ENUM_CONVERSION = YES;
				CLANG_WARN_INFINITE_RECURSION = YES;
				CLANG_WARN_INT_CONVERSION = YES;
				CLANG_WARN_NON_LITERAL_NULL_CONVERSION = YES;
				CLANG_WARN_OBJC_IMPLICIT_RETAIN_SELF = YES;
				CLANG_WARN_OBJC_LITERAL_CONVERSION = YES;
				CLANG_WARN_OBJC_ROOT_CLASS = YES_ERROR;
				CLANG_WARN_QUOTED_INCLUDE_IN_FRAMEWORK_HEADER = YES;
				CLANG_WARN_RANGE_LOOP_ANALYSIS = YES;
				CLANG_WARN_STRICT_PROTOTYPES = YES;
				CLANG_WARN_SUSPICIOUS_MOVE = YES;
				CLANG_WARN_UNGUARDED_AVAILABILITY = YES_AGGRESSIVE;
				CLANG_WARN_UNREACHABLE_CODE = YES;
				CLANG_WARN__DUPLICATE_METHOD_MATCH = YES;
				COPY_PHASE_STRIP = NO;
				DEBUG_INFORMATION_FORMAT = "dwarf-with-dsym";
				ENABLE_NS_ASSERTIONS = NO;
				ENABLE_STRICT_OBJC_MSGSEND = YES;
				GCC_C_LANGUAGE_STANDARD = gnu11;
				GCC_NO_COMMON_BLOCKS = YES;
				GCC_WARN_64_TO_32_BIT_CONVERSION = YES;
				GCC_WARN_ABOUT_RETURN_TYPE = YES_ERROR;
				GCC_WARN_UNDECLARED_SELECTOR = YES;
				GCC_WARN_UNINITIALIZED_AUTOS = YES_AGGRESSIVE;
				GCC_WARN_UNUSED_FUNCTION = YES;
				GCC_WARN_UNUSED_VARIABLE = YES;
				IPHONEOS_DEPLOYMENT_TARGET = 14.0;
				MTL_ENABLE_DEBUG_INFO = NO;
				MTL_FAST_MATH = YES;
				SDKROOT = iphoneos;
				SWIFT_COMPILATION_MODE = wholemodule;
				SWIFT_OPTIMIZATION_LEVEL = "-O";
				VALIDATE_PRODUCT = YES;
			};
			name = Release;
		};
		CE9E795A293DCCD100AC19C8 /* Debug */ = {
			isa = XCBuildConfiguration;
			buildSettings = {
				ASSETCATALOG_COMPILER_APPICON_NAME = AppIcon;
				ASSETCATALOG_COMPILER_GLOBAL_ACCENT_COLOR_NAME = AccentColor;
				CODE_SIGN_STYLE = Automatic;
				CURRENT_PROJECT_VERSION = 1;
				GENERATE_INFOPLIST_FILE = YES;
				INFOPLIST_FILE = Instagramclone/Info.plist;
				INFOPLIST_KEY_UIApplicationSupportsIndirectInputEvents = YES;
				INFOPLIST_KEY_UILaunchStoryboardName = LaunchScreen;
				INFOPLIST_KEY_UIMainStoryboardFile = Main;
				INFOPLIST_KEY_UISupportedInterfaceOrientations_iPad = "UIInterfaceOrientationPortrait UIInterfaceOrientationPortraitUpsideDown UIInterfaceOrientationLandscapeLeft UIInterfaceOrientationLandscapeRight";
				INFOPLIST_KEY_UISupportedInterfaceOrientations_iPhone = "UIInterfaceOrientationPortrait UIInterfaceOrientationLandscapeLeft UIInterfaceOrientationLandscapeRight";
				LD_RUNPATH_SEARCH_PATHS = (
					"$(inherited)",
					"@executable_path/Frameworks",
				);
				MARKETING_VERSION = 1.0;
				PRODUCT_BUNDLE_IDENTIFIER = com.Loui.Instagramclone;
				PRODUCT_NAME = "$(TARGET_NAME)";
				SWIFT_EMIT_LOC_STRINGS = YES;
				SWIFT_VERSION = 5.0;
				TARGETED_DEVICE_FAMILY = "1,2";
			};
			name = Debug;
		};
		CE9E795B293DCCD100AC19C8 /* Release */ = {
			isa = XCBuildConfiguration;
			buildSettings = {
				ASSETCATALOG_COMPILER_APPICON_NAME = AppIcon;
				ASSETCATALOG_COMPILER_GLOBAL_ACCENT_COLOR_NAME = AccentColor;
				CODE_SIGN_STYLE = Automatic;
				CURRENT_PROJECT_VERSION = 1;
				GENERATE_INFOPLIST_FILE = YES;
				INFOPLIST_FILE = Instagramclone/Info.plist;
				INFOPLIST_KEY_UIApplicationSupportsIndirectInputEvents = YES;
				INFOPLIST_KEY_UILaunchStoryboardName = LaunchScreen;
				INFOPLIST_KEY_UIMainStoryboardFile = Main;
				INFOPLIST_KEY_UISupportedInterfaceOrientations_iPad = "UIInterfaceOrientationPortrait UIInterfaceOrientationPortraitUpsideDown UIInterfaceOrientationLandscapeLeft UIInterfaceOrientationLandscapeRight";
				INFOPLIST_KEY_UISupportedInterfaceOrientations_iPhone = "UIInterfaceOrientationPortrait UIInterfaceOrientationLandscapeLeft UIInterfaceOrientationLandscapeRight";
				LD_RUNPATH_SEARCH_PATHS = (
					"$(inherited)",
					"@executable_path/Frameworks",
				);
				MARKETING_VERSION = 1.0;
				PRODUCT_BUNDLE_IDENTIFIER = com.Loui.Instagramclone;
				PRODUCT_NAME = "$(TARGET_NAME)";
				SWIFT_EMIT_LOC_STRINGS = YES;
				SWIFT_VERSION = 5.0;
				TARGETED_DEVICE_FAMILY = "1,2";
			};
			name = Release;
		};
/* End XCBuildConfiguration section */

/* Begin XCConfigurationList section */
		CE9E7940293DCCCF00AC19C8 /* Build configuration list for PBXProject "Instagramclone" */ = {
			isa = XCConfigurationList;
			buildConfigurations = (
				CE9E7957293DCCD100AC19C8 /* Debug */,
				CE9E7958293DCCD100AC19C8 /* Release */,
			);
			defaultConfigurationIsVisible = 0;
			defaultConfigurationName = Release;
		};
		CE9E7959293DCCD100AC19C8 /* Build configuration list for PBXNativeTarget "Instagramclone" */ = {
			isa = XCConfigurationList;
			buildConfigurations = (
				CE9E795A293DCCD100AC19C8 /* Debug */,
				CE9E795B293DCCD100AC19C8 /* Release */,
			);
			defaultConfigurationIsVisible = 0;
			defaultConfigurationName = Release;
		};
/* End XCConfigurationList section */

/* Begin XCRemoteSwiftPackageReference section */
		CE6DA49B294861DD00659653 /* XCRemoteSwiftPackageReference "JGProgressHUD" */ = {
			isa = XCRemoteSwiftPackageReference;
			repositoryURL = "https://github.com/JonasGessner/JGProgressHUD.git";
			requirement = {
				branch = master;
				kind = branch;
			};
		};
		CE8CF0CB2955C74200147390 /* XCRemoteSwiftPackageReference "SDWebImage" */ = {
			isa = XCRemoteSwiftPackageReference;
			repositoryURL = "https://github.com/SDWebImage/SDWebImage.git";
			requirement = {
				branch = master;
				kind = branch;
			};
		};
		CEEA00902952FA730061C77C /* XCRemoteSwiftPackageReference "firebase-ios-sdk" */ = {
			isa = XCRemoteSwiftPackageReference;
			repositoryURL = "https://github.com/firebase/firebase-ios-sdk.git";
			requirement = {
				branch = master;
				kind = branch;
			};
		};
/* End XCRemoteSwiftPackageReference section */

/* Begin XCSwiftPackageProductDependency section */
		CE5C01872977D8E600450071 /* FirebaseAnalytics */ = {
			isa = XCSwiftPackageProductDependency;
			package = CEEA00902952FA730061C77C /* XCRemoteSwiftPackageReference "firebase-ios-sdk" */;
			productName = FirebaseAnalytics;
		};
		CE5C01892977D8E600450071 /* FirebaseAnalyticsOnDeviceConversion */ = {
			isa = XCSwiftPackageProductDependency;
			package = CEEA00902952FA730061C77C /* XCRemoteSwiftPackageReference "firebase-ios-sdk" */;
			productName = FirebaseAnalyticsOnDeviceConversion;
		};
		CE5C018B2977D8E600450071 /* FirebaseAnalyticsSwift */ = {
			isa = XCSwiftPackageProductDependency;
			package = CEEA00902952FA730061C77C /* XCRemoteSwiftPackageReference "firebase-ios-sdk" */;
			productName = FirebaseAnalyticsSwift;
		};
		CE5C018D2977D8E600450071 /* FirebaseAnalyticsWithoutAdIdSupport */ = {
			isa = XCSwiftPackageProductDependency;
			package = CEEA00902952FA730061C77C /* XCRemoteSwiftPackageReference "firebase-ios-sdk" */;
			productName = FirebaseAnalyticsWithoutAdIdSupport;
		};
		CE5C018F2977D8E600450071 /* FirebaseAppCheck */ = {
			isa = XCSwiftPackageProductDependency;
			package = CEEA00902952FA730061C77C /* XCRemoteSwiftPackageReference "firebase-ios-sdk" */;
			productName = FirebaseAppCheck;
		};
		CE5C01912977D8E600450071 /* FirebaseAppDistribution-Beta */ = {
			isa = XCSwiftPackageProductDependency;
			package = CEEA00902952FA730061C77C /* XCRemoteSwiftPackageReference "firebase-ios-sdk" */;
			productName = "FirebaseAppDistribution-Beta";
		};
		CE5C01932977D8E600450071 /* FirebaseAuth */ = {
			isa = XCSwiftPackageProductDependency;
			package = CEEA00902952FA730061C77C /* XCRemoteSwiftPackageReference "firebase-ios-sdk" */;
			productName = FirebaseAuth;
		};
		CE5C01952977D8E600450071 /* FirebaseAuthCombine-Community */ = {
			isa = XCSwiftPackageProductDependency;
			package = CEEA00902952FA730061C77C /* XCRemoteSwiftPackageReference "firebase-ios-sdk" */;
			productName = "FirebaseAuthCombine-Community";
		};
		CE5C01972977D8E600450071 /* FirebaseCrashlytics */ = {
			isa = XCSwiftPackageProductDependency;
			package = CEEA00902952FA730061C77C /* XCRemoteSwiftPackageReference "firebase-ios-sdk" */;
			productName = FirebaseCrashlytics;
		};
		CE5C01992977D8E600450071 /* FirebaseDatabase */ = {
			isa = XCSwiftPackageProductDependency;
			package = CEEA00902952FA730061C77C /* XCRemoteSwiftPackageReference "firebase-ios-sdk" */;
			productName = FirebaseDatabase;
		};
		CE5C019B2977D8E600450071 /* FirebaseDatabaseSwift */ = {
			isa = XCSwiftPackageProductDependency;
			package = CEEA00902952FA730061C77C /* XCRemoteSwiftPackageReference "firebase-ios-sdk" */;
			productName = FirebaseDatabaseSwift;
		};
		CE5C019D2977D8E600450071 /* FirebaseDynamicLinks */ = {
			isa = XCSwiftPackageProductDependency;
			package = CEEA00902952FA730061C77C /* XCRemoteSwiftPackageReference "firebase-ios-sdk" */;
			productName = FirebaseDynamicLinks;
		};
		CE5C019F2977D8E600450071 /* FirebaseFirestore */ = {
			isa = XCSwiftPackageProductDependency;
			package = CEEA00902952FA730061C77C /* XCRemoteSwiftPackageReference "firebase-ios-sdk" */;
			productName = FirebaseFirestore;
		};
		CE5C01A12977D8E600450071 /* FirebaseFirestoreCombine-Community */ = {
			isa = XCSwiftPackageProductDependency;
			package = CEEA00902952FA730061C77C /* XCRemoteSwiftPackageReference "firebase-ios-sdk" */;
			productName = "FirebaseFirestoreCombine-Community";
		};
		CE5C01A32977D8E600450071 /* FirebaseFirestoreSwift */ = {
			isa = XCSwiftPackageProductDependency;
			package = CEEA00902952FA730061C77C /* XCRemoteSwiftPackageReference "firebase-ios-sdk" */;
			productName = FirebaseFirestoreSwift;
		};
		CE5C01A52977D8E600450071 /* FirebaseFunctions */ = {
			isa = XCSwiftPackageProductDependency;
			package = CEEA00902952FA730061C77C /* XCRemoteSwiftPackageReference "firebase-ios-sdk" */;
			productName = FirebaseFunctions;
		};
		CE5C01A72977D8E600450071 /* FirebaseFunctionsCombine-Community */ = {
			isa = XCSwiftPackageProductDependency;
			package = CEEA00902952FA730061C77C /* XCRemoteSwiftPackageReference "firebase-ios-sdk" */;
			productName = "FirebaseFunctionsCombine-Community";
		};
		CE5C01A92977D8E600450071 /* FirebaseInAppMessaging-Beta */ = {
			isa = XCSwiftPackageProductDependency;
			package = CEEA00902952FA730061C77C /* XCRemoteSwiftPackageReference "firebase-ios-sdk" */;
			productName = "FirebaseInAppMessaging-Beta";
		};
		CE5C01AB2977D8E600450071 /* FirebaseInAppMessagingSwift-Beta */ = {
			isa = XCSwiftPackageProductDependency;
			package = CEEA00902952FA730061C77C /* XCRemoteSwiftPackageReference "firebase-ios-sdk" */;
			productName = "FirebaseInAppMessagingSwift-Beta";
		};
		CE5C01AD2977D8E600450071 /* FirebaseInstallations */ = {
			isa = XCSwiftPackageProductDependency;
			package = CEEA00902952FA730061C77C /* XCRemoteSwiftPackageReference "firebase-ios-sdk" */;
			productName = FirebaseInstallations;
		};
		CE5C01AF2977D8E600450071 /* FirebaseMessaging */ = {
			isa = XCSwiftPackageProductDependency;
			package = CEEA00902952FA730061C77C /* XCRemoteSwiftPackageReference "firebase-ios-sdk" */;
			productName = FirebaseMessaging;
		};
		CE5C01B12977D8E600450071 /* FirebaseMLModelDownloader */ = {
			isa = XCSwiftPackageProductDependency;
			package = CEEA00902952FA730061C77C /* XCRemoteSwiftPackageReference "firebase-ios-sdk" */;
			productName = FirebaseMLModelDownloader;
		};
		CE5C01B32977D8E600450071 /* FirebasePerformance */ = {
			isa = XCSwiftPackageProductDependency;
			package = CEEA00902952FA730061C77C /* XCRemoteSwiftPackageReference "firebase-ios-sdk" */;
			productName = FirebasePerformance;
		};
		CE5C01B52977D8E600450071 /* FirebaseRemoteConfig */ = {
			isa = XCSwiftPackageProductDependency;
			package = CEEA00902952FA730061C77C /* XCRemoteSwiftPackageReference "firebase-ios-sdk" */;
			productName = FirebaseRemoteConfig;
		};
		CE5C01B72977D8E600450071 /* FirebaseRemoteConfigSwift */ = {
			isa = XCSwiftPackageProductDependency;
			package = CEEA00902952FA730061C77C /* XCRemoteSwiftPackageReference "firebase-ios-sdk" */;
			productName = FirebaseRemoteConfigSwift;
		};
		CE5C01B92977D8E600450071 /* FirebaseStorage */ = {
			isa = XCSwiftPackageProductDependency;
			package = CEEA00902952FA730061C77C /* XCRemoteSwiftPackageReference "firebase-ios-sdk" */;
			productName = FirebaseStorage;
		};
		CE5C01BB2977D8E600450071 /* FirebaseStorageCombine-Community */ = {
			isa = XCSwiftPackageProductDependency;
			package = CEEA00902952FA730061C77C /* XCRemoteSwiftPackageReference "firebase-ios-sdk" */;
			productName = "FirebaseStorageCombine-Community";
		};
		CE6DA49C294861DD00659653 /* JGProgressHUD */ = {
			isa = XCSwiftPackageProductDependency;
			package = CE6DA49B294861DD00659653 /* XCRemoteSwiftPackageReference "JGProgressHUD" */;
			productName = JGProgressHUD;
		};
		CE8CF0CC2955C74200147390 /* SDWebImage */ = {
			isa = XCSwiftPackageProductDependency;
			package = CE8CF0CB2955C74200147390 /* XCRemoteSwiftPackageReference "SDWebImage" */;
			productName = SDWebImage;
		};
		CE8CF0CE2955C74200147390 /* SDWebImageMapKit */ = {
			isa = XCSwiftPackageProductDependency;
			package = CE8CF0CB2955C74200147390 /* XCRemoteSwiftPackageReference "SDWebImage" */;
			productName = SDWebImageMapKit;
		};
/* End XCSwiftPackageProductDependency section */
	};
	rootObject = CE9E793D293DCCCF00AC19C8 /* Project object */;
}
